
Microsoft Visual Studio Solution File, Format Version 12.00
# Visual Studio Version 17
VisualStudioVersion = 17.0.31903.59
MinimumVisualStudioVersion = 10.0.40219.1
Project("{9A19103F-16F7-4668-BE54-9A1E7A4F7556}") = "NSL.Deploy.Client", "NSL.Deploy.Client\NSL.Deploy.Client.csproj", "{9B265296-DB33-4889-8516-CDDB6DBB55B2}"
EndProject
Project("{9A19103F-16F7-4668-BE54-9A1E7A4F7556}") = "NSL.Deploy.Client.Library", "NSL.Deploy.Client.Library\NSL.Deploy.Client.Library.csproj", "{6E42AB66-4E3F-4634-A8D6-401CCD785FD7}"
EndProject
Project("{9A19103F-16F7-4668-BE54-9A1E7A4F7556}") = "NSL.Deploy.Host", "NSL.Deploy.Host\NSL.Deploy.Host.csproj", "{756304ED-8940-4312-AD3A-5EFCDE9A7AF8}"
EndProject
Project("{9A19103F-16F7-4668-BE54-9A1E7A4F7556}") = "NSL.Deploy.Shared", "NSL.Deploy.Shared\NSL.Deploy.Shared.csproj", "{326156E5-0DF6-4C04-B006-81802DAE9C05}"
EndProject
Project("{9A19103F-16F7-4668-BE54-9A1E7A4F7556}") = "NSL.Deploy.Host.Scripts", "NSL.Deploy.Host.Scripts\NSL.Deploy.Host.Scripts.csproj", "{2A6ED6E5-C74E-47A0-973F-5A90DEDA140C}"
EndProject
Project("{9A19103F-16F7-4668-BE54-9A1E7A4F7556}") = "NSL.Deploy.Host.Dev.Test", "NSL.Deploy.Host\NSL.Deploy.Host.Dev.Test.csproj", "{D5BCD7D6-A48F-4FBF-8EB2-6A1B15AB76DB}"
EndProject
Global
	GlobalSection(SolutionConfigurationPlatforms) = preSolution
		Debug|Any CPU = Debug|Any CPU
		Release|Any CPU = Release|Any CPU
		ScriptsDebugging|Any CPU = ScriptsDebugging|Any CPU
		Unity|Any CPU = Unity|Any CPU
		UnityDebug|Any CPU = UnityDebug|Any CPU
	EndGlobalSection
	GlobalSection(ProjectConfigurationPlatforms) = postSolution
		{9B265296-DB33-4889-8516-CDDB6DBB55B2}.Debug|Any CPU.ActiveCfg = Debug|Any CPU
		{9B265296-DB33-4889-8516-CDDB6DBB55B2}.Debug|Any CPU.Build.0 = Debug|Any CPU
		{9B265296-DB33-4889-8516-CDDB6DBB55B2}.Release|Any CPU.ActiveCfg = Release|Any CPU
		{9B265296-DB33-4889-8516-CDDB6DBB55B2}.Release|Any CPU.Build.0 = Release|Any CPU
		{9B265296-DB33-4889-8516-CDDB6DBB55B2}.ScriptsDebugging|Any CPU.ActiveCfg = ScriptsDebugging|Any CPU
		{9B265296-DB33-4889-8516-CDDB6DBB55B2}.ScriptsDebugging|Any CPU.Build.0 = ScriptsDebugging|Any CPU
		{9B265296-DB33-4889-8516-CDDB6DBB55B2}.Unity|Any CPU.ActiveCfg = Release|Any CPU
		{9B265296-DB33-4889-8516-CDDB6DBB55B2}.Unity|Any CPU.Build.0 = Release|Any CPU
		{9B265296-DB33-4889-8516-CDDB6DBB55B2}.UnityDebug|Any CPU.ActiveCfg = Debug|Any CPU
		{9B265296-DB33-4889-8516-CDDB6DBB55B2}.UnityDebug|Any CPU.Build.0 = Debug|Any CPU
		{6E42AB66-4E3F-4634-A8D6-401CCD785FD7}.Debug|Any CPU.ActiveCfg = Debug|Any CPU
		{6E42AB66-4E3F-4634-A8D6-401CCD785FD7}.Debug|Any CPU.Build.0 = Debug|Any CPU
		{6E42AB66-4E3F-4634-A8D6-401CCD785FD7}.Release|Any CPU.ActiveCfg = Release|Any CPU
		{6E42AB66-4E3F-4634-A8D6-401CCD785FD7}.Release|Any CPU.Build.0 = Release|Any CPU
		{6E42AB66-4E3F-4634-A8D6-401CCD785FD7}.ScriptsDebugging|Any CPU.ActiveCfg = ScriptsDebugging|Any CPU
		{6E42AB66-4E3F-4634-A8D6-401CCD785FD7}.ScriptsDebugging|Any CPU.Build.0 = ScriptsDebugging|Any CPU
		{6E42AB66-4E3F-4634-A8D6-401CCD785FD7}.Unity|Any CPU.ActiveCfg = Release|Any CPU
		{6E42AB66-4E3F-4634-A8D6-401CCD785FD7}.Unity|Any CPU.Build.0 = Release|Any CPU
		{6E42AB66-4E3F-4634-A8D6-401CCD785FD7}.UnityDebug|Any CPU.ActiveCfg = Debug|Any CPU
		{6E42AB66-4E3F-4634-A8D6-401CCD785FD7}.UnityDebug|Any CPU.Build.0 = Debug|Any CPU
		{756304ED-8940-4312-AD3A-5EFCDE9A7AF8}.Debug|Any CPU.ActiveCfg = Debug|Any CPU
		{756304ED-8940-4312-AD3A-5EFCDE9A7AF8}.Debug|Any CPU.Build.0 = Debug|Any CPU
		{756304ED-8940-4312-AD3A-5EFCDE9A7AF8}.Release|Any CPU.ActiveCfg = Release|Any CPU
		{756304ED-8940-4312-AD3A-5EFCDE9A7AF8}.Release|Any CPU.Build.0 = Release|Any CPU
		{756304ED-8940-4312-AD3A-5EFCDE9A7AF8}.ScriptsDebugging|Any CPU.ActiveCfg = ScriptsDebugging|Any CPU
		{756304ED-8940-4312-AD3A-5EFCDE9A7AF8}.ScriptsDebugging|Any CPU.Build.0 = ScriptsDebugging|Any CPU
		{756304ED-8940-4312-AD3A-5EFCDE9A7AF8}.Unity|Any CPU.ActiveCfg = Release|Any CPU
		{756304ED-8940-4312-AD3A-5EFCDE9A7AF8}.Unity|Any CPU.Build.0 = Release|Any CPU
		{756304ED-8940-4312-AD3A-5EFCDE9A7AF8}.UnityDebug|Any CPU.ActiveCfg = Debug|Any CPU
		{756304ED-8940-4312-AD3A-5EFCDE9A7AF8}.UnityDebug|Any CPU.Build.0 = Debug|Any CPU
		{326156E5-0DF6-4C04-B006-81802DAE9C05}.Debug|Any CPU.ActiveCfg = Debug|Any CPU
		{326156E5-0DF6-4C04-B006-81802DAE9C05}.Debug|Any CPU.Build.0 = Debug|Any CPU
		{326156E5-0DF6-4C04-B006-81802DAE9C05}.Release|Any CPU.ActiveCfg = Release|Any CPU
		{326156E5-0DF6-4C04-B006-81802DAE9C05}.Release|Any CPU.Build.0 = Release|Any CPU
		{326156E5-0DF6-4C04-B006-81802DAE9C05}.ScriptsDebugging|Any CPU.ActiveCfg = ScriptsDebugging|Any CPU
		{326156E5-0DF6-4C04-B006-81802DAE9C05}.ScriptsDebugging|Any CPU.Build.0 = ScriptsDebugging|Any CPU
		{326156E5-0DF6-4C04-B006-81802DAE9C05}.Unity|Any CPU.ActiveCfg = Release|Any CPU
		{326156E5-0DF6-4C04-B006-81802DAE9C05}.Unity|Any CPU.Build.0 = Release|Any CPU
		{326156E5-0DF6-4C04-B006-81802DAE9C05}.UnityDebug|Any CPU.ActiveCfg = Debug|Any CPU
		{326156E5-0DF6-4C04-B006-81802DAE9C05}.UnityDebug|Any CPU.Build.0 = Debug|Any CPU
		{2A6ED6E5-C74E-47A0-973F-5A90DEDA140C}.Debug|Any CPU.ActiveCfg = Debug|Any CPU
		{2A6ED6E5-C74E-47A0-973F-5A90DEDA140C}.Debug|Any CPU.Build.0 = Debug|Any CPU
		{2A6ED6E5-C74E-47A0-973F-5A90DEDA140C}.Release|Any CPU.ActiveCfg = Release|Any CPU
		{2A6ED6E5-C74E-47A0-973F-5A90DEDA140C}.Release|Any CPU.Build.0 = Release|Any CPU
		{2A6ED6E5-C74E-47A0-973F-5A90DEDA140C}.ScriptsDebugging|Any CPU.ActiveCfg = ScriptsDebugging|Any CPU
		{2A6ED6E5-C74E-47A0-973F-5A90DEDA140C}.ScriptsDebugging|Any CPU.Build.0 = ScriptsDebugging|Any CPU
		{2A6ED6E5-C74E-47A0-973F-5A90DEDA140C}.Unity|Any CPU.ActiveCfg = Debug|Any CPU
		{2A6ED6E5-C74E-47A0-973F-5A90DEDA140C}.Unity|Any CPU.Build.0 = Debug|Any CPU
		{2A6ED6E5-C74E-47A0-973F-5A90DEDA140C}.UnityDebug|Any CPU.ActiveCfg = Debug|Any CPU
		{2A6ED6E5-C74E-47A0-973F-5A90DEDA140C}.UnityDebug|Any CPU.Build.0 = Debug|Any CPU
		{D5BCD7D6-A48F-4FBF-8EB2-6A1B15AB76DB}.Debug|Any CPU.ActiveCfg = Debug|Any CPU
		{D5BCD7D6-A48F-4FBF-8EB2-6A1B15AB76DB}.Debug|Any CPU.Build.0 = Debug|Any CPU
		{D5BCD7D6-A48F-4FBF-8EB2-6A1B15AB76DB}.Release|Any CPU.ActiveCfg = Release|Any CPU
		{D5BCD7D6-A48F-4FBF-8EB2-6A1B15AB76DB}.Release|Any CPU.Build.0 = Release|Any CPU
		{D5BCD7D6-A48F-4FBF-8EB2-6A1B15AB76DB}.ScriptsDebugging|Any CPU.ActiveCfg = ScriptsDebugging|Any CPU
		{D5BCD7D6-A48F-4FBF-8EB2-6A1B15AB76DB}.ScriptsDebugging|Any CPU.Build.0 = ScriptsDebugging|Any CPU
		{D5BCD7D6-A48F-4FBF-8EB2-6A1B15AB76DB}.Unity|Any CPU.ActiveCfg = Debug|Any CPU
		{D5BCD7D6-A48F-4FBF-8EB2-6A1B15AB76DB}.Unity|Any CPU.Build.0 = Debug|Any CPU
		{D5BCD7D6-A48F-4FBF-8EB2-6A1B15AB76DB}.UnityDebug|Any CPU.ActiveCfg = Debug|Any CPU
		{D5BCD7D6-A48F-4FBF-8EB2-6A1B15AB76DB}.UnityDebug|Any CPU.Build.0 = Debug|Any CPU
	EndGlobalSection
	GlobalSection(SolutionProperties) = preSolution
		HideSolutionNode = FALSE
	EndGlobalSection
	GlobalSection(ExtensibilityGlobals) = postSolution
		SolutionGuid = {5A9020D8-16F7-4FD0-9F54-7F42DD47D29A}
	EndGlobalSection
EndGlobal
