
Microsoft Visual Studio Solution File, Format Version 12.00
# Visual Studio Version 16
VisualStudioVersion = 16.0.30105.148
MinimumVisualStudioVersion = 10.0.40219.1
Project("{9A19103F-16F7-4668-BE54-9A1E7A4F7556}") = "Publisher.Server", "Server\Publisher.Server.csproj", "{6EA307B4-2269-4093-984D-A864AC26CD86}"
EndProject
Project("{9A19103F-16F7-4668-BE54-9A1E7A4F7556}") = "Publisher.Client", "Client\Publisher.Client.csproj", "{443A5013-18DE-4AC2-A90F-C2D4BF218853}"
EndProject
Project("{9A19103F-16F7-4668-BE54-9A1E7A4F7556}") = "Publisher.Basic", "Publisher.Basic\Publisher.Basic.csproj", "{091AFF09-6DD6-4DD2-9DFA-7AC472005C82}"
EndProject
Project("{9A19103F-16F7-4668-BE54-9A1E7A4F7556}") = "Publisher.Client.Library", "Publisher.Client.Library\Publisher.Client.Library.csproj", "{A99E06D6-1A3E-403A-B6FF-DCAFD40AD309}"
EndProject
Global
	GlobalSection(SolutionConfigurationPlatforms) = preSolution
		Debug|Any CPU = Debug|Any CPU
		Debug|x64 = Debug|x64
		Debug|x86 = Debug|x86
		DebugStable|Any CPU = DebugStable|Any CPU
		DebugStable|x64 = DebugStable|x64
		DebugStable|x86 = DebugStable|x86
		PublishDebug|Any CPU = PublishDebug|Any CPU
		PublishDebug|x64 = PublishDebug|x64
		PublishDebug|x86 = PublishDebug|x86
		Release|Any CPU = Release|Any CPU
		Release|x64 = Release|x64
		Release|x86 = Release|x86
		Unity|Any CPU = Unity|Any CPU
		Unity|x64 = Unity|x64
		Unity|x86 = Unity|x86
		UnityDebug|Any CPU = UnityDebug|Any CPU
		UnityDebug|x64 = UnityDebug|x64
		UnityDebug|x86 = UnityDebug|x86
	EndGlobalSection
	GlobalSection(ProjectConfigurationPlatforms) = postSolution
		{6EA307B4-2269-4093-984D-A864AC26CD86}.Debug|Any CPU.ActiveCfg = Debug|Any CPU
		{6EA307B4-2269-4093-984D-A864AC26CD86}.Debug|Any CPU.Build.0 = Debug|Any CPU
		{6EA307B4-2269-4093-984D-A864AC26CD86}.Debug|x64.ActiveCfg = Debug|Any CPU
		{6EA307B4-2269-4093-984D-A864AC26CD86}.Debug|x64.Build.0 = Debug|Any CPU
		{6EA307B4-2269-4093-984D-A864AC26CD86}.Debug|x86.ActiveCfg = Debug|Any CPU
		{6EA307B4-2269-4093-984D-A864AC26CD86}.Debug|x86.Build.0 = Debug|Any CPU
		{6EA307B4-2269-4093-984D-A864AC26CD86}.DebugStable|Any CPU.ActiveCfg = Debug|Any CPU
		{6EA307B4-2269-4093-984D-A864AC26CD86}.DebugStable|Any CPU.Build.0 = Debug|Any CPU
		{6EA307B4-2269-4093-984D-A864AC26CD86}.DebugStable|x64.ActiveCfg = Debug|Any CPU
		{6EA307B4-2269-4093-984D-A864AC26CD86}.DebugStable|x64.Build.0 = Debug|Any CPU
		{6EA307B4-2269-4093-984D-A864AC26CD86}.DebugStable|x86.ActiveCfg = Debug|Any CPU
		{6EA307B4-2269-4093-984D-A864AC26CD86}.DebugStable|x86.Build.0 = Debug|Any CPU
		{6EA307B4-2269-4093-984D-A864AC26CD86}.PublishDebug|Any CPU.ActiveCfg = Debug|Any CPU
		{6EA307B4-2269-4093-984D-A864AC26CD86}.PublishDebug|Any CPU.Build.0 = Debug|Any CPU
		{6EA307B4-2269-4093-984D-A864AC26CD86}.PublishDebug|x64.ActiveCfg = Debug|Any CPU
		{6EA307B4-2269-4093-984D-A864AC26CD86}.PublishDebug|x64.Build.0 = Debug|Any CPU
		{6EA307B4-2269-4093-984D-A864AC26CD86}.PublishDebug|x86.ActiveCfg = Debug|Any CPU
		{6EA307B4-2269-4093-984D-A864AC26CD86}.PublishDebug|x86.Build.0 = Debug|Any CPU
		{6EA307B4-2269-4093-984D-A864AC26CD86}.Release|Any CPU.ActiveCfg = Release|Any CPU
		{6EA307B4-2269-4093-984D-A864AC26CD86}.Release|Any CPU.Build.0 = Release|Any CPU
		{6EA307B4-2269-4093-984D-A864AC26CD86}.Release|x64.ActiveCfg = Release|Any CPU
		{6EA307B4-2269-4093-984D-A864AC26CD86}.Release|x64.Build.0 = Release|Any CPU
		{6EA307B4-2269-4093-984D-A864AC26CD86}.Release|x86.ActiveCfg = Release|Any CPU
		{6EA307B4-2269-4093-984D-A864AC26CD86}.Release|x86.Build.0 = Release|Any CPU
		{6EA307B4-2269-4093-984D-A864AC26CD86}.Unity|Any CPU.ActiveCfg = Debug|Any CPU
		{6EA307B4-2269-4093-984D-A864AC26CD86}.Unity|Any CPU.Build.0 = Debug|Any CPU
		{6EA307B4-2269-4093-984D-A864AC26CD86}.Unity|x64.ActiveCfg = Debug|Any CPU
		{6EA307B4-2269-4093-984D-A864AC26CD86}.Unity|x64.Build.0 = Debug|Any CPU
		{6EA307B4-2269-4093-984D-A864AC26CD86}.Unity|x86.ActiveCfg = Debug|Any CPU
		{6EA307B4-2269-4093-984D-A864AC26CD86}.Unity|x86.Build.0 = Debug|Any CPU
		{6EA307B4-2269-4093-984D-A864AC26CD86}.UnityDebug|Any CPU.ActiveCfg = Debug|Any CPU
		{6EA307B4-2269-4093-984D-A864AC26CD86}.UnityDebug|Any CPU.Build.0 = Debug|Any CPU
		{6EA307B4-2269-4093-984D-A864AC26CD86}.UnityDebug|x64.ActiveCfg = Debug|Any CPU
		{6EA307B4-2269-4093-984D-A864AC26CD86}.UnityDebug|x64.Build.0 = Debug|Any CPU
		{6EA307B4-2269-4093-984D-A864AC26CD86}.UnityDebug|x86.ActiveCfg = Debug|Any CPU
		{6EA307B4-2269-4093-984D-A864AC26CD86}.UnityDebug|x86.Build.0 = Debug|Any CPU
		{443A5013-18DE-4AC2-A90F-C2D4BF218853}.Debug|Any CPU.ActiveCfg = Debug|Any CPU
		{443A5013-18DE-4AC2-A90F-C2D4BF218853}.Debug|Any CPU.Build.0 = Debug|Any CPU
		{443A5013-18DE-4AC2-A90F-C2D4BF218853}.Debug|x64.ActiveCfg = Debug|Any CPU
		{443A5013-18DE-4AC2-A90F-C2D4BF218853}.Debug|x64.Build.0 = Debug|Any CPU
		{443A5013-18DE-4AC2-A90F-C2D4BF218853}.Debug|x86.ActiveCfg = Debug|Any CPU
		{443A5013-18DE-4AC2-A90F-C2D4BF218853}.Debug|x86.Build.0 = Debug|Any CPU
		{443A5013-18DE-4AC2-A90F-C2D4BF218853}.DebugStable|Any CPU.ActiveCfg = Debug|Any CPU
		{443A5013-18DE-4AC2-A90F-C2D4BF218853}.DebugStable|Any CPU.Build.0 = Debug|Any CPU
		{443A5013-18DE-4AC2-A90F-C2D4BF218853}.DebugStable|x64.ActiveCfg = Debug|Any CPU
		{443A5013-18DE-4AC2-A90F-C2D4BF218853}.DebugStable|x64.Build.0 = Debug|Any CPU
		{443A5013-18DE-4AC2-A90F-C2D4BF218853}.DebugStable|x86.ActiveCfg = Debug|Any CPU
		{443A5013-18DE-4AC2-A90F-C2D4BF218853}.DebugStable|x86.Build.0 = Debug|Any CPU
		{443A5013-18DE-4AC2-A90F-C2D4BF218853}.PublishDebug|Any CPU.ActiveCfg = Debug|Any CPU
		{443A5013-18DE-4AC2-A90F-C2D4BF218853}.PublishDebug|Any CPU.Build.0 = Debug|Any CPU
		{443A5013-18DE-4AC2-A90F-C2D4BF218853}.PublishDebug|x64.ActiveCfg = Debug|Any CPU
		{443A5013-18DE-4AC2-A90F-C2D4BF218853}.PublishDebug|x64.Build.0 = Debug|Any CPU
		{443A5013-18DE-4AC2-A90F-C2D4BF218853}.PublishDebug|x86.ActiveCfg = Debug|Any CPU
		{443A5013-18DE-4AC2-A90F-C2D4BF218853}.PublishDebug|x86.Build.0 = Debug|Any CPU
		{443A5013-18DE-4AC2-A90F-C2D4BF218853}.Release|Any CPU.ActiveCfg = Release|Any CPU
		{443A5013-18DE-4AC2-A90F-C2D4BF218853}.Release|Any CPU.Build.0 = Release|Any CPU
		{443A5013-18DE-4AC2-A90F-C2D4BF218853}.Release|x64.ActiveCfg = Release|Any CPU
		{443A5013-18DE-4AC2-A90F-C2D4BF218853}.Release|x64.Build.0 = Release|Any CPU
		{443A5013-18DE-4AC2-A90F-C2D4BF218853}.Release|x86.ActiveCfg = Release|Any CPU
		{443A5013-18DE-4AC2-A90F-C2D4BF218853}.Release|x86.Build.0 = Release|Any CPU
		{443A5013-18DE-4AC2-A90F-C2D4BF218853}.Unity|Any CPU.ActiveCfg = Debug|Any CPU
		{443A5013-18DE-4AC2-A90F-C2D4BF218853}.Unity|Any CPU.Build.0 = Debug|Any CPU
		{443A5013-18DE-4AC2-A90F-C2D4BF218853}.Unity|x64.ActiveCfg = Debug|Any CPU
		{443A5013-18DE-4AC2-A90F-C2D4BF218853}.Unity|x64.Build.0 = Debug|Any CPU
		{443A5013-18DE-4AC2-A90F-C2D4BF218853}.Unity|x86.ActiveCfg = Debug|Any CPU
		{443A5013-18DE-4AC2-A90F-C2D4BF218853}.Unity|x86.Build.0 = Debug|Any CPU
		{443A5013-18DE-4AC2-A90F-C2D4BF218853}.UnityDebug|Any CPU.ActiveCfg = Debug|Any CPU
		{443A5013-18DE-4AC2-A90F-C2D4BF218853}.UnityDebug|Any CPU.Build.0 = Debug|Any CPU
		{443A5013-18DE-4AC2-A90F-C2D4BF218853}.UnityDebug|x64.ActiveCfg = Debug|Any CPU
		{443A5013-18DE-4AC2-A90F-C2D4BF218853}.UnityDebug|x64.Build.0 = Debug|Any CPU
		{443A5013-18DE-4AC2-A90F-C2D4BF218853}.UnityDebug|x86.ActiveCfg = Debug|Any CPU
		{443A5013-18DE-4AC2-A90F-C2D4BF218853}.UnityDebug|x86.Build.0 = Debug|Any CPU
		{091AFF09-6DD6-4DD2-9DFA-7AC472005C82}.Debug|Any CPU.ActiveCfg = Debug|Any CPU
		{091AFF09-6DD6-4DD2-9DFA-7AC472005C82}.Debug|Any CPU.Build.0 = Debug|Any CPU
		{091AFF09-6DD6-4DD2-9DFA-7AC472005C82}.Debug|x64.ActiveCfg = Debug|Any CPU
		{091AFF09-6DD6-4DD2-9DFA-7AC472005C82}.Debug|x64.Build.0 = Debug|Any CPU
		{091AFF09-6DD6-4DD2-9DFA-7AC472005C82}.Debug|x86.ActiveCfg = Debug|Any CPU
		{091AFF09-6DD6-4DD2-9DFA-7AC472005C82}.Debug|x86.Build.0 = Debug|Any CPU
		{091AFF09-6DD6-4DD2-9DFA-7AC472005C82}.DebugStable|Any CPU.ActiveCfg = Debug|Any CPU
		{091AFF09-6DD6-4DD2-9DFA-7AC472005C82}.DebugStable|Any CPU.Build.0 = Debug|Any CPU
		{091AFF09-6DD6-4DD2-9DFA-7AC472005C82}.DebugStable|x64.ActiveCfg = Debug|Any CPU
		{091AFF09-6DD6-4DD2-9DFA-7AC472005C82}.DebugStable|x64.Build.0 = Debug|Any CPU
		{091AFF09-6DD6-4DD2-9DFA-7AC472005C82}.DebugStable|x86.ActiveCfg = Debug|Any CPU
		{091AFF09-6DD6-4DD2-9DFA-7AC472005C82}.DebugStable|x86.Build.0 = Debug|Any CPU
		{091AFF09-6DD6-4DD2-9DFA-7AC472005C82}.PublishDebug|Any CPU.ActiveCfg = Debug|Any CPU
		{091AFF09-6DD6-4DD2-9DFA-7AC472005C82}.PublishDebug|Any CPU.Build.0 = Debug|Any CPU
		{091AFF09-6DD6-4DD2-9DFA-7AC472005C82}.PublishDebug|x64.ActiveCfg = Debug|Any CPU
		{091AFF09-6DD6-4DD2-9DFA-7AC472005C82}.PublishDebug|x64.Build.0 = Debug|Any CPU
		{091AFF09-6DD6-4DD2-9DFA-7AC472005C82}.PublishDebug|x86.ActiveCfg = Debug|Any CPU
		{091AFF09-6DD6-4DD2-9DFA-7AC472005C82}.PublishDebug|x86.Build.0 = Debug|Any CPU
		{091AFF09-6DD6-4DD2-9DFA-7AC472005C82}.Release|Any CPU.ActiveCfg = Release|Any CPU
		{091AFF09-6DD6-4DD2-9DFA-7AC472005C82}.Release|Any CPU.Build.0 = Release|Any CPU
		{091AFF09-6DD6-4DD2-9DFA-7AC472005C82}.Release|x64.ActiveCfg = Release|Any CPU
		{091AFF09-6DD6-4DD2-9DFA-7AC472005C82}.Release|x64.Build.0 = Release|Any CPU
		{091AFF09-6DD6-4DD2-9DFA-7AC472005C82}.Release|x86.ActiveCfg = Release|Any CPU
		{091AFF09-6DD6-4DD2-9DFA-7AC472005C82}.Release|x86.Build.0 = Release|Any CPU
		{091AFF09-6DD6-4DD2-9DFA-7AC472005C82}.Unity|Any CPU.ActiveCfg = Debug|Any CPU
		{091AFF09-6DD6-4DD2-9DFA-7AC472005C82}.Unity|Any CPU.Build.0 = Debug|Any CPU
		{091AFF09-6DD6-4DD2-9DFA-7AC472005C82}.Unity|x64.ActiveCfg = Debug|Any CPU
		{091AFF09-6DD6-4DD2-9DFA-7AC472005C82}.Unity|x64.Build.0 = Debug|Any CPU
		{091AFF09-6DD6-4DD2-9DFA-7AC472005C82}.Unity|x86.ActiveCfg = Debug|Any CPU
		{091AFF09-6DD6-4DD2-9DFA-7AC472005C82}.Unity|x86.Build.0 = Debug|Any CPU
		{091AFF09-6DD6-4DD2-9DFA-7AC472005C82}.UnityDebug|Any CPU.ActiveCfg = Debug|Any CPU
		{091AFF09-6DD6-4DD2-9DFA-7AC472005C82}.UnityDebug|Any CPU.Build.0 = Debug|Any CPU
		{091AFF09-6DD6-4DD2-9DFA-7AC472005C82}.UnityDebug|x64.ActiveCfg = Debug|Any CPU
		{091AFF09-6DD6-4DD2-9DFA-7AC472005C82}.UnityDebug|x64.Build.0 = Debug|Any CPU
		{091AFF09-6DD6-4DD2-9DFA-7AC472005C82}.UnityDebug|x86.ActiveCfg = Debug|Any CPU
		{091AFF09-6DD6-4DD2-9DFA-7AC472005C82}.UnityDebug|x86.Build.0 = Debug|Any CPU
		{A99E06D6-1A3E-403A-B6FF-DCAFD40AD309}.Debug|Any CPU.ActiveCfg = Debug|Any CPU
		{A99E06D6-1A3E-403A-B6FF-DCAFD40AD309}.Debug|Any CPU.Build.0 = Debug|Any CPU
		{A99E06D6-1A3E-403A-B6FF-DCAFD40AD309}.Debug|x64.ActiveCfg = Debug|Any CPU
		{A99E06D6-1A3E-403A-B6FF-DCAFD40AD309}.Debug|x64.Build.0 = Debug|Any CPU
		{A99E06D6-1A3E-403A-B6FF-DCAFD40AD309}.Debug|x86.ActiveCfg = Debug|Any CPU
		{A99E06D6-1A3E-403A-B6FF-DCAFD40AD309}.Debug|x86.Build.0 = Debug|Any CPU
		{A99E06D6-1A3E-403A-B6FF-DCAFD40AD309}.DebugStable|Any CPU.ActiveCfg = Debug|Any CPU
		{A99E06D6-1A3E-403A-B6FF-DCAFD40AD309}.DebugStable|Any CPU.Build.0 = Debug|Any CPU
		{A99E06D6-1A3E-403A-B6FF-DCAFD40AD309}.DebugStable|x64.ActiveCfg = Debug|Any CPU
		{A99E06D6-1A3E-403A-B6FF-DCAFD40AD309}.DebugStable|x64.Build.0 = Debug|Any CPU
		{A99E06D6-1A3E-403A-B6FF-DCAFD40AD309}.DebugStable|x86.ActiveCfg = Debug|Any CPU
		{A99E06D6-1A3E-403A-B6FF-DCAFD40AD309}.DebugStable|x86.Build.0 = Debug|Any CPU
		{A99E06D6-1A3E-403A-B6FF-DCAFD40AD309}.PublishDebug|Any CPU.ActiveCfg = Debug|Any CPU
		{A99E06D6-1A3E-403A-B6FF-DCAFD40AD309}.PublishDebug|Any CPU.Build.0 = Debug|Any CPU
		{A99E06D6-1A3E-403A-B6FF-DCAFD40AD309}.PublishDebug|x64.ActiveCfg = Debug|Any CPU
		{A99E06D6-1A3E-403A-B6FF-DCAFD40AD309}.PublishDebug|x64.Build.0 = Debug|Any CPU
		{A99E06D6-1A3E-403A-B6FF-DCAFD40AD309}.PublishDebug|x86.ActiveCfg = Debug|Any CPU
		{A99E06D6-1A3E-403A-B6FF-DCAFD40AD309}.PublishDebug|x86.Build.0 = Debug|Any CPU
		{A99E06D6-1A3E-403A-B6FF-DCAFD40AD309}.Release|Any CPU.ActiveCfg = Release|Any CPU
		{A99E06D6-1A3E-403A-B6FF-DCAFD40AD309}.Release|Any CPU.Build.0 = Release|Any CPU
		{A99E06D6-1A3E-403A-B6FF-DCAFD40AD309}.Release|x64.ActiveCfg = Release|Any CPU
		{A99E06D6-1A3E-403A-B6FF-DCAFD40AD309}.Release|x64.Build.0 = Release|Any CPU
		{A99E06D6-1A3E-403A-B6FF-DCAFD40AD309}.Release|x86.ActiveCfg = Release|Any CPU
		{A99E06D6-1A3E-403A-B6FF-DCAFD40AD309}.Release|x86.Build.0 = Release|Any CPU
		{A99E06D6-1A3E-403A-B6FF-DCAFD40AD309}.Unity|Any CPU.ActiveCfg = Debug|Any CPU
		{A99E06D6-1A3E-403A-B6FF-DCAFD40AD309}.Unity|Any CPU.Build.0 = Debug|Any CPU
		{A99E06D6-1A3E-403A-B6FF-DCAFD40AD309}.Unity|x64.ActiveCfg = Debug|Any CPU
		{A99E06D6-1A3E-403A-B6FF-DCAFD40AD309}.Unity|x64.Build.0 = Debug|Any CPU
		{A99E06D6-1A3E-403A-B6FF-DCAFD40AD309}.Unity|x86.ActiveCfg = Debug|Any CPU
		{A99E06D6-1A3E-403A-B6FF-DCAFD40AD309}.Unity|x86.Build.0 = Debug|Any CPU
		{A99E06D6-1A3E-403A-B6FF-DCAFD40AD309}.UnityDebug|Any CPU.ActiveCfg = Debug|Any CPU
		{A99E06D6-1A3E-403A-B6FF-DCAFD40AD309}.UnityDebug|Any CPU.Build.0 = Debug|Any CPU
		{A99E06D6-1A3E-403A-B6FF-DCAFD40AD309}.UnityDebug|x64.ActiveCfg = Debug|Any CPU
		{A99E06D6-1A3E-403A-B6FF-DCAFD40AD309}.UnityDebug|x64.Build.0 = Debug|Any CPU
		{A99E06D6-1A3E-403A-B6FF-DCAFD40AD309}.UnityDebug|x86.ActiveCfg = Debug|Any CPU
		{A99E06D6-1A3E-403A-B6FF-DCAFD40AD309}.UnityDebug|x86.Build.0 = Debug|Any CPU
	EndGlobalSection
	GlobalSection(SolutionProperties) = preSolution
		HideSolutionNode = FALSE
	EndGlobalSection
	GlobalSection(ExtensibilityGlobals) = postSolution
		SolutionGuid = {5A9020D8-16F7-4FD0-9F54-7F42DD47D29A}
	EndGlobalSection
EndGlobal
