
Microsoft Visual Studio Solution File, Format Version 12.00
# Visual Studio Version 16
VisualStudioVersion = 16.0.30105.148
MinimumVisualStudioVersion = 10.0.40219.1
Project("{9A19103F-16F7-4668-BE54-9A1E7A4F7556}") = "Publisher.Server", "Server\Publisher.Server.csproj", "{6EA307B4-2269-4093-984D-A864AC26CD86}"
EndProject
Project("{9A19103F-16F7-4668-BE54-9A1E7A4F7556}") = "Publisher.Client", "Client\Publisher.Client.csproj", "{443A5013-18DE-4AC2-A90F-C2D4BF218853}"
EndProject
Project("{9A19103F-16F7-4668-BE54-9A1E7A4F7556}") = "SocketCore", "D:\Projects\AppFox\SocketServerLibrary\Socket.Core\SocketCore.csproj", "{EB0D5C78-7C41-4F5A-891B-1D810B2BA078}"
EndProject
Project("{9A19103F-16F7-4668-BE54-9A1E7A4F7556}") = "SocketServer", "D:\Projects\AppFox\SocketServerLibrary\SocketServer\SocketServer.csproj", "{C4580B21-62A4-4511-B97D-A426D52EC184}"
EndProject
Project("{9A19103F-16F7-4668-BE54-9A1E7A4F7556}") = "SCL", "D:\Projects\AppFox\SocketServerLibrary\SCL\SCL.csproj", "{ED12F39E-04AC-4F38-B442-8377B3C47367}"
EndProject
Project("{9A19103F-16F7-4668-BE54-9A1E7A4F7556}") = "ConfigurationEngine", "D:\Projects\AppFox\SocketServerLibrary\Configuration\ConfigurationEngine.csproj", "{5044495C-6B64-4A6E-873C-50B490369FEF}"
EndProject
Project("{9A19103F-16F7-4668-BE54-9A1E7A4F7556}") = "ConfigurationEngine.Providers.Json", "D:\Projects\AppFox\SocketServerLibrary\ConfigurationEngine.Providers.Json\ConfigurationEngine.Providers.Json.csproj", "{0D4C42ED-EA8D-4F15-B108-8ADD12C5AC39}"
EndProject
Project("{2150E333-8FDC-42A3-9474-1A3956D46DE8}") = "3rd party", "3rd party", "{B8A6E875-824A-49CF-993D-596D5AC465F1}"
EndProject
Project("{9A19103F-16F7-4668-BE54-9A1E7A4F7556}") = "Logger", "D:\Projects\AppFox\SocketServerLibrary\Logger\Logger.csproj", "{B61545A7-5D56-4359-B7F3-A30D7EF43B10}"
EndProject
Project("{9A19103F-16F7-4668-BE54-9A1E7A4F7556}") = "ServerOptions.Extensions.Manager", "D:\Projects\AppFox\SocketServerLibrary\ServerOptions.Extensions.Manager\ServerOptions.Extensions.Manager.csproj", "{E434215F-1AB3-4D64-9700-642A3407CF45}"
EndProject
Project("{9A19103F-16F7-4668-BE54-9A1E7A4F7556}") = "ServerOptions.Extensions.Packet", "D:\Projects\AppFox\SocketServerLibrary\ServerOptions.Extensions.Packet\ServerOptions.Extensions.Packet.csproj", "{AA08DA19-B59D-4AAA-95C4-9E2D71C302BB}"
EndProject
Project("{9A19103F-16F7-4668-BE54-9A1E7A4F7556}") = "Publisher.Basic", "Publisher.Basic\Publisher.Basic.csproj", "{091AFF09-6DD6-4DD2-9DFA-7AC472005C82}"
EndProject
Project("{9A19103F-16F7-4668-BE54-9A1E7A4F7556}") = "ServerOptions.Extensions.ConfigurationEngine", "D:\Projects\AppFox\SocketServerLibrary\ServerOptions.Extensions.ConfigurationEngine\ServerOptions.Extensions.ConfigurationEngine.csproj", "{39FAFFFA-DB01-4AE6-9CD0-08943E3827F7}"
EndProject
Project("{9A19103F-16F7-4668-BE54-9A1E7A4F7556}") = "Cipher", "D:\Projects\AppFox\SocketServerLibrary\Cipher(NET.Standard)\Cipher.csproj", "{E99F9B18-8D3E-461D-BE80-ACC620B75516}"
EndProject
Project("{9A19103F-16F7-4668-BE54-9A1E7A4F7556}") = "ClientOptions.Extensions.Packet", "D:\Projects\AppFox\SocketServerLibrary\ClientOptions.Extensions.Packet\ClientOptions.Extensions.Packet.csproj", "{A6117CF0-34A6-4EC0-AE59-F7AFF1FA7505}"
EndProject
Global
	GlobalSection(SolutionConfigurationPlatforms) = preSolution
		Debug|Any CPU = Debug|Any CPU
		Debug|x64 = Debug|x64
		Debug|x86 = Debug|x86
		DebugStable|Any CPU = DebugStable|Any CPU
		DebugStable|x64 = DebugStable|x64
		DebugStable|x86 = DebugStable|x86
		PublishDebug|Any CPU = PublishDebug|Any CPU
		PublishDebug|x64 = PublishDebug|x64
		PublishDebug|x86 = PublishDebug|x86
		Release|Any CPU = Release|Any CPU
		Release|x64 = Release|x64
		Release|x86 = Release|x86
		Unity|Any CPU = Unity|Any CPU
		Unity|x64 = Unity|x64
		Unity|x86 = Unity|x86
		UnityDebug|Any CPU = UnityDebug|Any CPU
		UnityDebug|x64 = UnityDebug|x64
		UnityDebug|x86 = UnityDebug|x86
	EndGlobalSection
	GlobalSection(ProjectConfigurationPlatforms) = postSolution
		{6EA307B4-2269-4093-984D-A864AC26CD86}.Debug|Any CPU.ActiveCfg = Debug|Any CPU
		{6EA307B4-2269-4093-984D-A864AC26CD86}.Debug|Any CPU.Build.0 = Debug|Any CPU
		{6EA307B4-2269-4093-984D-A864AC26CD86}.Debug|x64.ActiveCfg = Debug|Any CPU
		{6EA307B4-2269-4093-984D-A864AC26CD86}.Debug|x64.Build.0 = Debug|Any CPU
		{6EA307B4-2269-4093-984D-A864AC26CD86}.Debug|x86.ActiveCfg = Debug|Any CPU
		{6EA307B4-2269-4093-984D-A864AC26CD86}.Debug|x86.Build.0 = Debug|Any CPU
		{6EA307B4-2269-4093-984D-A864AC26CD86}.DebugStable|Any CPU.ActiveCfg = Debug|Any CPU
		{6EA307B4-2269-4093-984D-A864AC26CD86}.DebugStable|Any CPU.Build.0 = Debug|Any CPU
		{6EA307B4-2269-4093-984D-A864AC26CD86}.DebugStable|x64.ActiveCfg = Debug|Any CPU
		{6EA307B4-2269-4093-984D-A864AC26CD86}.DebugStable|x64.Build.0 = Debug|Any CPU
		{6EA307B4-2269-4093-984D-A864AC26CD86}.DebugStable|x86.ActiveCfg = Debug|Any CPU
		{6EA307B4-2269-4093-984D-A864AC26CD86}.DebugStable|x86.Build.0 = Debug|Any CPU
		{6EA307B4-2269-4093-984D-A864AC26CD86}.PublishDebug|Any CPU.ActiveCfg = Debug|Any CPU
		{6EA307B4-2269-4093-984D-A864AC26CD86}.PublishDebug|Any CPU.Build.0 = Debug|Any CPU
		{6EA307B4-2269-4093-984D-A864AC26CD86}.PublishDebug|x64.ActiveCfg = Debug|Any CPU
		{6EA307B4-2269-4093-984D-A864AC26CD86}.PublishDebug|x64.Build.0 = Debug|Any CPU
		{6EA307B4-2269-4093-984D-A864AC26CD86}.PublishDebug|x86.ActiveCfg = Debug|Any CPU
		{6EA307B4-2269-4093-984D-A864AC26CD86}.PublishDebug|x86.Build.0 = Debug|Any CPU
		{6EA307B4-2269-4093-984D-A864AC26CD86}.Release|Any CPU.ActiveCfg = Release|Any CPU
		{6EA307B4-2269-4093-984D-A864AC26CD86}.Release|Any CPU.Build.0 = Release|Any CPU
		{6EA307B4-2269-4093-984D-A864AC26CD86}.Release|x64.ActiveCfg = Release|Any CPU
		{6EA307B4-2269-4093-984D-A864AC26CD86}.Release|x64.Build.0 = Release|Any CPU
		{6EA307B4-2269-4093-984D-A864AC26CD86}.Release|x86.ActiveCfg = Release|Any CPU
		{6EA307B4-2269-4093-984D-A864AC26CD86}.Release|x86.Build.0 = Release|Any CPU
		{6EA307B4-2269-4093-984D-A864AC26CD86}.Unity|Any CPU.ActiveCfg = Debug|Any CPU
		{6EA307B4-2269-4093-984D-A864AC26CD86}.Unity|Any CPU.Build.0 = Debug|Any CPU
		{6EA307B4-2269-4093-984D-A864AC26CD86}.Unity|x64.ActiveCfg = Debug|Any CPU
		{6EA307B4-2269-4093-984D-A864AC26CD86}.Unity|x64.Build.0 = Debug|Any CPU
		{6EA307B4-2269-4093-984D-A864AC26CD86}.Unity|x86.ActiveCfg = Debug|Any CPU
		{6EA307B4-2269-4093-984D-A864AC26CD86}.Unity|x86.Build.0 = Debug|Any CPU
		{6EA307B4-2269-4093-984D-A864AC26CD86}.UnityDebug|Any CPU.ActiveCfg = Debug|Any CPU
		{6EA307B4-2269-4093-984D-A864AC26CD86}.UnityDebug|Any CPU.Build.0 = Debug|Any CPU
		{6EA307B4-2269-4093-984D-A864AC26CD86}.UnityDebug|x64.ActiveCfg = Debug|Any CPU
		{6EA307B4-2269-4093-984D-A864AC26CD86}.UnityDebug|x64.Build.0 = Debug|Any CPU
		{6EA307B4-2269-4093-984D-A864AC26CD86}.UnityDebug|x86.ActiveCfg = Debug|Any CPU
		{6EA307B4-2269-4093-984D-A864AC26CD86}.UnityDebug|x86.Build.0 = Debug|Any CPU
		{443A5013-18DE-4AC2-A90F-C2D4BF218853}.Debug|Any CPU.ActiveCfg = Debug|Any CPU
		{443A5013-18DE-4AC2-A90F-C2D4BF218853}.Debug|Any CPU.Build.0 = Debug|Any CPU
		{443A5013-18DE-4AC2-A90F-C2D4BF218853}.Debug|x64.ActiveCfg = Debug|Any CPU
		{443A5013-18DE-4AC2-A90F-C2D4BF218853}.Debug|x64.Build.0 = Debug|Any CPU
		{443A5013-18DE-4AC2-A90F-C2D4BF218853}.Debug|x86.ActiveCfg = Debug|Any CPU
		{443A5013-18DE-4AC2-A90F-C2D4BF218853}.Debug|x86.Build.0 = Debug|Any CPU
		{443A5013-18DE-4AC2-A90F-C2D4BF218853}.DebugStable|Any CPU.ActiveCfg = Debug|Any CPU
		{443A5013-18DE-4AC2-A90F-C2D4BF218853}.DebugStable|Any CPU.Build.0 = Debug|Any CPU
		{443A5013-18DE-4AC2-A90F-C2D4BF218853}.DebugStable|x64.ActiveCfg = Debug|Any CPU
		{443A5013-18DE-4AC2-A90F-C2D4BF218853}.DebugStable|x64.Build.0 = Debug|Any CPU
		{443A5013-18DE-4AC2-A90F-C2D4BF218853}.DebugStable|x86.ActiveCfg = Debug|Any CPU
		{443A5013-18DE-4AC2-A90F-C2D4BF218853}.DebugStable|x86.Build.0 = Debug|Any CPU
		{443A5013-18DE-4AC2-A90F-C2D4BF218853}.PublishDebug|Any CPU.ActiveCfg = Debug|Any CPU
		{443A5013-18DE-4AC2-A90F-C2D4BF218853}.PublishDebug|Any CPU.Build.0 = Debug|Any CPU
		{443A5013-18DE-4AC2-A90F-C2D4BF218853}.PublishDebug|x64.ActiveCfg = Debug|Any CPU
		{443A5013-18DE-4AC2-A90F-C2D4BF218853}.PublishDebug|x64.Build.0 = Debug|Any CPU
		{443A5013-18DE-4AC2-A90F-C2D4BF218853}.PublishDebug|x86.ActiveCfg = Debug|Any CPU
		{443A5013-18DE-4AC2-A90F-C2D4BF218853}.PublishDebug|x86.Build.0 = Debug|Any CPU
		{443A5013-18DE-4AC2-A90F-C2D4BF218853}.Release|Any CPU.ActiveCfg = Release|Any CPU
		{443A5013-18DE-4AC2-A90F-C2D4BF218853}.Release|Any CPU.Build.0 = Release|Any CPU
		{443A5013-18DE-4AC2-A90F-C2D4BF218853}.Release|x64.ActiveCfg = Release|Any CPU
		{443A5013-18DE-4AC2-A90F-C2D4BF218853}.Release|x64.Build.0 = Release|Any CPU
		{443A5013-18DE-4AC2-A90F-C2D4BF218853}.Release|x86.ActiveCfg = Release|Any CPU
		{443A5013-18DE-4AC2-A90F-C2D4BF218853}.Release|x86.Build.0 = Release|Any CPU
		{443A5013-18DE-4AC2-A90F-C2D4BF218853}.Unity|Any CPU.ActiveCfg = Debug|Any CPU
		{443A5013-18DE-4AC2-A90F-C2D4BF218853}.Unity|Any CPU.Build.0 = Debug|Any CPU
		{443A5013-18DE-4AC2-A90F-C2D4BF218853}.Unity|x64.ActiveCfg = Debug|Any CPU
		{443A5013-18DE-4AC2-A90F-C2D4BF218853}.Unity|x64.Build.0 = Debug|Any CPU
		{443A5013-18DE-4AC2-A90F-C2D4BF218853}.Unity|x86.ActiveCfg = Debug|Any CPU
		{443A5013-18DE-4AC2-A90F-C2D4BF218853}.Unity|x86.Build.0 = Debug|Any CPU
		{443A5013-18DE-4AC2-A90F-C2D4BF218853}.UnityDebug|Any CPU.ActiveCfg = Debug|Any CPU
		{443A5013-18DE-4AC2-A90F-C2D4BF218853}.UnityDebug|Any CPU.Build.0 = Debug|Any CPU
		{443A5013-18DE-4AC2-A90F-C2D4BF218853}.UnityDebug|x64.ActiveCfg = Debug|Any CPU
		{443A5013-18DE-4AC2-A90F-C2D4BF218853}.UnityDebug|x64.Build.0 = Debug|Any CPU
		{443A5013-18DE-4AC2-A90F-C2D4BF218853}.UnityDebug|x86.ActiveCfg = Debug|Any CPU
		{443A5013-18DE-4AC2-A90F-C2D4BF218853}.UnityDebug|x86.Build.0 = Debug|Any CPU
		{EB0D5C78-7C41-4F5A-891B-1D810B2BA078}.Debug|Any CPU.ActiveCfg = Debug|Any CPU
		{EB0D5C78-7C41-4F5A-891B-1D810B2BA078}.Debug|Any CPU.Build.0 = Debug|Any CPU
		{EB0D5C78-7C41-4F5A-891B-1D810B2BA078}.Debug|x64.ActiveCfg = Debug|Any CPU
		{EB0D5C78-7C41-4F5A-891B-1D810B2BA078}.Debug|x64.Build.0 = Debug|Any CPU
		{EB0D5C78-7C41-4F5A-891B-1D810B2BA078}.Debug|x86.ActiveCfg = Debug|Any CPU
		{EB0D5C78-7C41-4F5A-891B-1D810B2BA078}.Debug|x86.Build.0 = Debug|Any CPU
		{EB0D5C78-7C41-4F5A-891B-1D810B2BA078}.DebugStable|Any CPU.ActiveCfg = DebugStable|Any CPU
		{EB0D5C78-7C41-4F5A-891B-1D810B2BA078}.DebugStable|Any CPU.Build.0 = DebugStable|Any CPU
		{EB0D5C78-7C41-4F5A-891B-1D810B2BA078}.DebugStable|x64.ActiveCfg = DebugStable|Any CPU
		{EB0D5C78-7C41-4F5A-891B-1D810B2BA078}.DebugStable|x64.Build.0 = DebugStable|Any CPU
		{EB0D5C78-7C41-4F5A-891B-1D810B2BA078}.DebugStable|x86.ActiveCfg = DebugStable|Any CPU
		{EB0D5C78-7C41-4F5A-891B-1D810B2BA078}.DebugStable|x86.Build.0 = DebugStable|Any CPU
		{EB0D5C78-7C41-4F5A-891B-1D810B2BA078}.PublishDebug|Any CPU.ActiveCfg = Debug|Any CPU
		{EB0D5C78-7C41-4F5A-891B-1D810B2BA078}.PublishDebug|Any CPU.Build.0 = Debug|Any CPU
		{EB0D5C78-7C41-4F5A-891B-1D810B2BA078}.PublishDebug|x64.ActiveCfg = Debug|Any CPU
		{EB0D5C78-7C41-4F5A-891B-1D810B2BA078}.PublishDebug|x64.Build.0 = Debug|Any CPU
		{EB0D5C78-7C41-4F5A-891B-1D810B2BA078}.PublishDebug|x86.ActiveCfg = Debug|Any CPU
		{EB0D5C78-7C41-4F5A-891B-1D810B2BA078}.PublishDebug|x86.Build.0 = Debug|Any CPU
		{EB0D5C78-7C41-4F5A-891B-1D810B2BA078}.Release|Any CPU.ActiveCfg = Release|Any CPU
		{EB0D5C78-7C41-4F5A-891B-1D810B2BA078}.Release|Any CPU.Build.0 = Release|Any CPU
		{EB0D5C78-7C41-4F5A-891B-1D810B2BA078}.Release|x64.ActiveCfg = Release|Any CPU
		{EB0D5C78-7C41-4F5A-891B-1D810B2BA078}.Release|x64.Build.0 = Release|Any CPU
		{EB0D5C78-7C41-4F5A-891B-1D810B2BA078}.Release|x86.ActiveCfg = Release|Any CPU
		{EB0D5C78-7C41-4F5A-891B-1D810B2BA078}.Release|x86.Build.0 = Release|Any CPU
		{EB0D5C78-7C41-4F5A-891B-1D810B2BA078}.Unity|Any CPU.ActiveCfg = Unity|Any CPU
		{EB0D5C78-7C41-4F5A-891B-1D810B2BA078}.Unity|Any CPU.Build.0 = Unity|Any CPU
		{EB0D5C78-7C41-4F5A-891B-1D810B2BA078}.Unity|x64.ActiveCfg = Unity|Any CPU
		{EB0D5C78-7C41-4F5A-891B-1D810B2BA078}.Unity|x64.Build.0 = Unity|Any CPU
		{EB0D5C78-7C41-4F5A-891B-1D810B2BA078}.Unity|x86.ActiveCfg = Unity|Any CPU
		{EB0D5C78-7C41-4F5A-891B-1D810B2BA078}.Unity|x86.Build.0 = Unity|Any CPU
		{EB0D5C78-7C41-4F5A-891B-1D810B2BA078}.UnityDebug|Any CPU.ActiveCfg = UnityDebug|Any CPU
		{EB0D5C78-7C41-4F5A-891B-1D810B2BA078}.UnityDebug|Any CPU.Build.0 = UnityDebug|Any CPU
		{EB0D5C78-7C41-4F5A-891B-1D810B2BA078}.UnityDebug|x64.ActiveCfg = UnityDebug|Any CPU
		{EB0D5C78-7C41-4F5A-891B-1D810B2BA078}.UnityDebug|x64.Build.0 = UnityDebug|Any CPU
		{EB0D5C78-7C41-4F5A-891B-1D810B2BA078}.UnityDebug|x86.ActiveCfg = UnityDebug|Any CPU
		{EB0D5C78-7C41-4F5A-891B-1D810B2BA078}.UnityDebug|x86.Build.0 = UnityDebug|Any CPU
		{C4580B21-62A4-4511-B97D-A426D52EC184}.Debug|Any CPU.ActiveCfg = Debug|Any CPU
		{C4580B21-62A4-4511-B97D-A426D52EC184}.Debug|Any CPU.Build.0 = Debug|Any CPU
		{C4580B21-62A4-4511-B97D-A426D52EC184}.Debug|x64.ActiveCfg = Debug|x64
		{C4580B21-62A4-4511-B97D-A426D52EC184}.Debug|x64.Build.0 = Debug|x64
		{C4580B21-62A4-4511-B97D-A426D52EC184}.Debug|x86.ActiveCfg = Debug|x86
		{C4580B21-62A4-4511-B97D-A426D52EC184}.Debug|x86.Build.0 = Debug|x86
		{C4580B21-62A4-4511-B97D-A426D52EC184}.DebugStable|Any CPU.ActiveCfg = DebugStable|Any CPU
		{C4580B21-62A4-4511-B97D-A426D52EC184}.DebugStable|Any CPU.Build.0 = DebugStable|Any CPU
		{C4580B21-62A4-4511-B97D-A426D52EC184}.DebugStable|x64.ActiveCfg = DebugStable|x64
		{C4580B21-62A4-4511-B97D-A426D52EC184}.DebugStable|x64.Build.0 = DebugStable|x64
		{C4580B21-62A4-4511-B97D-A426D52EC184}.DebugStable|x86.ActiveCfg = DebugStable|x86
		{C4580B21-62A4-4511-B97D-A426D52EC184}.DebugStable|x86.Build.0 = DebugStable|x86
		{C4580B21-62A4-4511-B97D-A426D52EC184}.PublishDebug|Any CPU.ActiveCfg = PublishDebug|Any CPU
		{C4580B21-62A4-4511-B97D-A426D52EC184}.PublishDebug|Any CPU.Build.0 = PublishDebug|Any CPU
		{C4580B21-62A4-4511-B97D-A426D52EC184}.PublishDebug|x64.ActiveCfg = PublishDebug|x64
		{C4580B21-62A4-4511-B97D-A426D52EC184}.PublishDebug|x64.Build.0 = PublishDebug|x64
		{C4580B21-62A4-4511-B97D-A426D52EC184}.PublishDebug|x86.ActiveCfg = PublishDebug|x86
		{C4580B21-62A4-4511-B97D-A426D52EC184}.PublishDebug|x86.Build.0 = PublishDebug|x86
		{C4580B21-62A4-4511-B97D-A426D52EC184}.Release|Any CPU.ActiveCfg = Release|Any CPU
		{C4580B21-62A4-4511-B97D-A426D52EC184}.Release|Any CPU.Build.0 = Release|Any CPU
		{C4580B21-62A4-4511-B97D-A426D52EC184}.Release|x64.ActiveCfg = Release|x64
		{C4580B21-62A4-4511-B97D-A426D52EC184}.Release|x64.Build.0 = Release|x64
		{C4580B21-62A4-4511-B97D-A426D52EC184}.Release|x86.ActiveCfg = Release|x86
		{C4580B21-62A4-4511-B97D-A426D52EC184}.Release|x86.Build.0 = Release|x86
		{C4580B21-62A4-4511-B97D-A426D52EC184}.Unity|Any CPU.ActiveCfg = Unity|Any CPU
		{C4580B21-62A4-4511-B97D-A426D52EC184}.Unity|Any CPU.Build.0 = Unity|Any CPU
		{C4580B21-62A4-4511-B97D-A426D52EC184}.Unity|x64.ActiveCfg = Unity|x64
		{C4580B21-62A4-4511-B97D-A426D52EC184}.Unity|x64.Build.0 = Unity|x64
		{C4580B21-62A4-4511-B97D-A426D52EC184}.Unity|x86.ActiveCfg = Unity|x86
		{C4580B21-62A4-4511-B97D-A426D52EC184}.Unity|x86.Build.0 = Unity|x86
		{C4580B21-62A4-4511-B97D-A426D52EC184}.UnityDebug|Any CPU.ActiveCfg = UnityDebug|Any CPU
		{C4580B21-62A4-4511-B97D-A426D52EC184}.UnityDebug|Any CPU.Build.0 = UnityDebug|Any CPU
		{C4580B21-62A4-4511-B97D-A426D52EC184}.UnityDebug|x64.ActiveCfg = UnityDebug|x64
		{C4580B21-62A4-4511-B97D-A426D52EC184}.UnityDebug|x64.Build.0 = UnityDebug|x64
		{C4580B21-62A4-4511-B97D-A426D52EC184}.UnityDebug|x86.ActiveCfg = UnityDebug|x86
		{C4580B21-62A4-4511-B97D-A426D52EC184}.UnityDebug|x86.Build.0 = UnityDebug|x86
		{ED12F39E-04AC-4F38-B442-8377B3C47367}.Debug|Any CPU.ActiveCfg = Debug|Any CPU
		{ED12F39E-04AC-4F38-B442-8377B3C47367}.Debug|Any CPU.Build.0 = Debug|Any CPU
		{ED12F39E-04AC-4F38-B442-8377B3C47367}.Debug|x64.ActiveCfg = Debug|Any CPU
		{ED12F39E-04AC-4F38-B442-8377B3C47367}.Debug|x64.Build.0 = Debug|Any CPU
		{ED12F39E-04AC-4F38-B442-8377B3C47367}.Debug|x86.ActiveCfg = Debug|Any CPU
		{ED12F39E-04AC-4F38-B442-8377B3C47367}.Debug|x86.Build.0 = Debug|Any CPU
		{ED12F39E-04AC-4F38-B442-8377B3C47367}.DebugStable|Any CPU.ActiveCfg = Debug|Any CPU
		{ED12F39E-04AC-4F38-B442-8377B3C47367}.DebugStable|Any CPU.Build.0 = Debug|Any CPU
		{ED12F39E-04AC-4F38-B442-8377B3C47367}.DebugStable|x64.ActiveCfg = Debug|Any CPU
		{ED12F39E-04AC-4F38-B442-8377B3C47367}.DebugStable|x64.Build.0 = Debug|Any CPU
		{ED12F39E-04AC-4F38-B442-8377B3C47367}.DebugStable|x86.ActiveCfg = Debug|Any CPU
		{ED12F39E-04AC-4F38-B442-8377B3C47367}.DebugStable|x86.Build.0 = Debug|Any CPU
		{ED12F39E-04AC-4F38-B442-8377B3C47367}.PublishDebug|Any CPU.ActiveCfg = Debug|Any CPU
		{ED12F39E-04AC-4F38-B442-8377B3C47367}.PublishDebug|Any CPU.Build.0 = Debug|Any CPU
		{ED12F39E-04AC-4F38-B442-8377B3C47367}.PublishDebug|x64.ActiveCfg = Debug|Any CPU
		{ED12F39E-04AC-4F38-B442-8377B3C47367}.PublishDebug|x64.Build.0 = Debug|Any CPU
		{ED12F39E-04AC-4F38-B442-8377B3C47367}.PublishDebug|x86.ActiveCfg = Debug|Any CPU
		{ED12F39E-04AC-4F38-B442-8377B3C47367}.PublishDebug|x86.Build.0 = Debug|Any CPU
		{ED12F39E-04AC-4F38-B442-8377B3C47367}.Release|Any CPU.ActiveCfg = Release|Any CPU
		{ED12F39E-04AC-4F38-B442-8377B3C47367}.Release|Any CPU.Build.0 = Release|Any CPU
		{ED12F39E-04AC-4F38-B442-8377B3C47367}.Release|x64.ActiveCfg = Release|Any CPU
		{ED12F39E-04AC-4F38-B442-8377B3C47367}.Release|x64.Build.0 = Release|Any CPU
		{ED12F39E-04AC-4F38-B442-8377B3C47367}.Release|x86.ActiveCfg = Release|Any CPU
		{ED12F39E-04AC-4F38-B442-8377B3C47367}.Release|x86.Build.0 = Release|Any CPU
		{ED12F39E-04AC-4F38-B442-8377B3C47367}.Unity|Any CPU.ActiveCfg = Unity|Any CPU
		{ED12F39E-04AC-4F38-B442-8377B3C47367}.Unity|Any CPU.Build.0 = Unity|Any CPU
		{ED12F39E-04AC-4F38-B442-8377B3C47367}.Unity|x64.ActiveCfg = Unity|Any CPU
		{ED12F39E-04AC-4F38-B442-8377B3C47367}.Unity|x64.Build.0 = Unity|Any CPU
		{ED12F39E-04AC-4F38-B442-8377B3C47367}.Unity|x86.ActiveCfg = Unity|Any CPU
		{ED12F39E-04AC-4F38-B442-8377B3C47367}.Unity|x86.Build.0 = Unity|Any CPU
		{ED12F39E-04AC-4F38-B442-8377B3C47367}.UnityDebug|Any CPU.ActiveCfg = UnityDebug|Any CPU
		{ED12F39E-04AC-4F38-B442-8377B3C47367}.UnityDebug|Any CPU.Build.0 = UnityDebug|Any CPU
		{ED12F39E-04AC-4F38-B442-8377B3C47367}.UnityDebug|x64.ActiveCfg = UnityDebug|Any CPU
		{ED12F39E-04AC-4F38-B442-8377B3C47367}.UnityDebug|x64.Build.0 = UnityDebug|Any CPU
		{ED12F39E-04AC-4F38-B442-8377B3C47367}.UnityDebug|x86.ActiveCfg = UnityDebug|Any CPU
		{ED12F39E-04AC-4F38-B442-8377B3C47367}.UnityDebug|x86.Build.0 = UnityDebug|Any CPU
		{5044495C-6B64-4A6E-873C-50B490369FEF}.Debug|Any CPU.ActiveCfg = Debug|Any CPU
		{5044495C-6B64-4A6E-873C-50B490369FEF}.Debug|Any CPU.Build.0 = Debug|Any CPU
		{5044495C-6B64-4A6E-873C-50B490369FEF}.Debug|x64.ActiveCfg = Debug|Any CPU
		{5044495C-6B64-4A6E-873C-50B490369FEF}.Debug|x64.Build.0 = Debug|Any CPU
		{5044495C-6B64-4A6E-873C-50B490369FEF}.Debug|x86.ActiveCfg = Debug|Any CPU
		{5044495C-6B64-4A6E-873C-50B490369FEF}.Debug|x86.Build.0 = Debug|Any CPU
		{5044495C-6B64-4A6E-873C-50B490369FEF}.DebugStable|Any CPU.ActiveCfg = DebugStable|Any CPU
		{5044495C-6B64-4A6E-873C-50B490369FEF}.DebugStable|Any CPU.Build.0 = DebugStable|Any CPU
		{5044495C-6B64-4A6E-873C-50B490369FEF}.DebugStable|x64.ActiveCfg = DebugStable|Any CPU
		{5044495C-6B64-4A6E-873C-50B490369FEF}.DebugStable|x64.Build.0 = DebugStable|Any CPU
		{5044495C-6B64-4A6E-873C-50B490369FEF}.DebugStable|x86.ActiveCfg = DebugStable|Any CPU
		{5044495C-6B64-4A6E-873C-50B490369FEF}.DebugStable|x86.Build.0 = DebugStable|Any CPU
		{5044495C-6B64-4A6E-873C-50B490369FEF}.PublishDebug|Any CPU.ActiveCfg = Debug|Any CPU
		{5044495C-6B64-4A6E-873C-50B490369FEF}.PublishDebug|Any CPU.Build.0 = Debug|Any CPU
		{5044495C-6B64-4A6E-873C-50B490369FEF}.PublishDebug|x64.ActiveCfg = Debug|Any CPU
		{5044495C-6B64-4A6E-873C-50B490369FEF}.PublishDebug|x64.Build.0 = Debug|Any CPU
		{5044495C-6B64-4A6E-873C-50B490369FEF}.PublishDebug|x86.ActiveCfg = Debug|Any CPU
		{5044495C-6B64-4A6E-873C-50B490369FEF}.PublishDebug|x86.Build.0 = Debug|Any CPU
		{5044495C-6B64-4A6E-873C-50B490369FEF}.Release|Any CPU.ActiveCfg = Release|Any CPU
		{5044495C-6B64-4A6E-873C-50B490369FEF}.Release|Any CPU.Build.0 = Release|Any CPU
		{5044495C-6B64-4A6E-873C-50B490369FEF}.Release|x64.ActiveCfg = Release|Any CPU
		{5044495C-6B64-4A6E-873C-50B490369FEF}.Release|x64.Build.0 = Release|Any CPU
		{5044495C-6B64-4A6E-873C-50B490369FEF}.Release|x86.ActiveCfg = Release|Any CPU
		{5044495C-6B64-4A6E-873C-50B490369FEF}.Release|x86.Build.0 = Release|Any CPU
		{5044495C-6B64-4A6E-873C-50B490369FEF}.Unity|Any CPU.ActiveCfg = Unity|Any CPU
		{5044495C-6B64-4A6E-873C-50B490369FEF}.Unity|Any CPU.Build.0 = Unity|Any CPU
		{5044495C-6B64-4A6E-873C-50B490369FEF}.Unity|x64.ActiveCfg = Unity|Any CPU
		{5044495C-6B64-4A6E-873C-50B490369FEF}.Unity|x64.Build.0 = Unity|Any CPU
		{5044495C-6B64-4A6E-873C-50B490369FEF}.Unity|x86.ActiveCfg = Unity|Any CPU
		{5044495C-6B64-4A6E-873C-50B490369FEF}.Unity|x86.Build.0 = Unity|Any CPU
		{5044495C-6B64-4A6E-873C-50B490369FEF}.UnityDebug|Any CPU.ActiveCfg = UnityDebug|Any CPU
		{5044495C-6B64-4A6E-873C-50B490369FEF}.UnityDebug|Any CPU.Build.0 = UnityDebug|Any CPU
		{5044495C-6B64-4A6E-873C-50B490369FEF}.UnityDebug|x64.ActiveCfg = UnityDebug|Any CPU
		{5044495C-6B64-4A6E-873C-50B490369FEF}.UnityDebug|x64.Build.0 = UnityDebug|Any CPU
		{5044495C-6B64-4A6E-873C-50B490369FEF}.UnityDebug|x86.ActiveCfg = UnityDebug|Any CPU
		{5044495C-6B64-4A6E-873C-50B490369FEF}.UnityDebug|x86.Build.0 = UnityDebug|Any CPU
		{0D4C42ED-EA8D-4F15-B108-8ADD12C5AC39}.Debug|Any CPU.ActiveCfg = Debug|Any CPU
		{0D4C42ED-EA8D-4F15-B108-8ADD12C5AC39}.Debug|Any CPU.Build.0 = Debug|Any CPU
		{0D4C42ED-EA8D-4F15-B108-8ADD12C5AC39}.Debug|x64.ActiveCfg = Debug|Any CPU
		{0D4C42ED-EA8D-4F15-B108-8ADD12C5AC39}.Debug|x64.Build.0 = Debug|Any CPU
		{0D4C42ED-EA8D-4F15-B108-8ADD12C5AC39}.Debug|x86.ActiveCfg = Debug|Any CPU
		{0D4C42ED-EA8D-4F15-B108-8ADD12C5AC39}.Debug|x86.Build.0 = Debug|Any CPU
		{0D4C42ED-EA8D-4F15-B108-8ADD12C5AC39}.DebugStable|Any CPU.ActiveCfg = DebugStable|Any CPU
		{0D4C42ED-EA8D-4F15-B108-8ADD12C5AC39}.DebugStable|Any CPU.Build.0 = DebugStable|Any CPU
		{0D4C42ED-EA8D-4F15-B108-8ADD12C5AC39}.DebugStable|x64.ActiveCfg = DebugStable|Any CPU
		{0D4C42ED-EA8D-4F15-B108-8ADD12C5AC39}.DebugStable|x64.Build.0 = DebugStable|Any CPU
		{0D4C42ED-EA8D-4F15-B108-8ADD12C5AC39}.DebugStable|x86.ActiveCfg = DebugStable|Any CPU
		{0D4C42ED-EA8D-4F15-B108-8ADD12C5AC39}.DebugStable|x86.Build.0 = DebugStable|Any CPU
		{0D4C42ED-EA8D-4F15-B108-8ADD12C5AC39}.PublishDebug|Any CPU.ActiveCfg = Debug|Any CPU
		{0D4C42ED-EA8D-4F15-B108-8ADD12C5AC39}.PublishDebug|Any CPU.Build.0 = Debug|Any CPU
		{0D4C42ED-EA8D-4F15-B108-8ADD12C5AC39}.PublishDebug|x64.ActiveCfg = Debug|Any CPU
		{0D4C42ED-EA8D-4F15-B108-8ADD12C5AC39}.PublishDebug|x64.Build.0 = Debug|Any CPU
		{0D4C42ED-EA8D-4F15-B108-8ADD12C5AC39}.PublishDebug|x86.ActiveCfg = Debug|Any CPU
		{0D4C42ED-EA8D-4F15-B108-8ADD12C5AC39}.PublishDebug|x86.Build.0 = Debug|Any CPU
		{0D4C42ED-EA8D-4F15-B108-8ADD12C5AC39}.Release|Any CPU.ActiveCfg = Release|Any CPU
		{0D4C42ED-EA8D-4F15-B108-8ADD12C5AC39}.Release|Any CPU.Build.0 = Release|Any CPU
		{0D4C42ED-EA8D-4F15-B108-8ADD12C5AC39}.Release|x64.ActiveCfg = Release|Any CPU
		{0D4C42ED-EA8D-4F15-B108-8ADD12C5AC39}.Release|x64.Build.0 = Release|Any CPU
		{0D4C42ED-EA8D-4F15-B108-8ADD12C5AC39}.Release|x86.ActiveCfg = Release|Any CPU
		{0D4C42ED-EA8D-4F15-B108-8ADD12C5AC39}.Release|x86.Build.0 = Release|Any CPU
		{0D4C42ED-EA8D-4F15-B108-8ADD12C5AC39}.Unity|Any CPU.ActiveCfg = Unity|Any CPU
		{0D4C42ED-EA8D-4F15-B108-8ADD12C5AC39}.Unity|Any CPU.Build.0 = Unity|Any CPU
		{0D4C42ED-EA8D-4F15-B108-8ADD12C5AC39}.Unity|x64.ActiveCfg = Unity|Any CPU
		{0D4C42ED-EA8D-4F15-B108-8ADD12C5AC39}.Unity|x64.Build.0 = Unity|Any CPU
		{0D4C42ED-EA8D-4F15-B108-8ADD12C5AC39}.Unity|x86.ActiveCfg = Unity|Any CPU
		{0D4C42ED-EA8D-4F15-B108-8ADD12C5AC39}.Unity|x86.Build.0 = Unity|Any CPU
		{0D4C42ED-EA8D-4F15-B108-8ADD12C5AC39}.UnityDebug|Any CPU.ActiveCfg = UnityDebug|Any CPU
		{0D4C42ED-EA8D-4F15-B108-8ADD12C5AC39}.UnityDebug|Any CPU.Build.0 = UnityDebug|Any CPU
		{0D4C42ED-EA8D-4F15-B108-8ADD12C5AC39}.UnityDebug|x64.ActiveCfg = UnityDebug|Any CPU
		{0D4C42ED-EA8D-4F15-B108-8ADD12C5AC39}.UnityDebug|x64.Build.0 = UnityDebug|Any CPU
		{0D4C42ED-EA8D-4F15-B108-8ADD12C5AC39}.UnityDebug|x86.ActiveCfg = UnityDebug|Any CPU
		{0D4C42ED-EA8D-4F15-B108-8ADD12C5AC39}.UnityDebug|x86.Build.0 = UnityDebug|Any CPU
		{B61545A7-5D56-4359-B7F3-A30D7EF43B10}.Debug|Any CPU.ActiveCfg = Debug|Any CPU
		{B61545A7-5D56-4359-B7F3-A30D7EF43B10}.Debug|Any CPU.Build.0 = Debug|Any CPU
		{B61545A7-5D56-4359-B7F3-A30D7EF43B10}.Debug|x64.ActiveCfg = Debug|Any CPU
		{B61545A7-5D56-4359-B7F3-A30D7EF43B10}.Debug|x64.Build.0 = Debug|Any CPU
		{B61545A7-5D56-4359-B7F3-A30D7EF43B10}.Debug|x86.ActiveCfg = Debug|Any CPU
		{B61545A7-5D56-4359-B7F3-A30D7EF43B10}.Debug|x86.Build.0 = Debug|Any CPU
		{B61545A7-5D56-4359-B7F3-A30D7EF43B10}.DebugStable|Any CPU.ActiveCfg = DebugStable|Any CPU
		{B61545A7-5D56-4359-B7F3-A30D7EF43B10}.DebugStable|Any CPU.Build.0 = DebugStable|Any CPU
		{B61545A7-5D56-4359-B7F3-A30D7EF43B10}.DebugStable|x64.ActiveCfg = DebugStable|Any CPU
		{B61545A7-5D56-4359-B7F3-A30D7EF43B10}.DebugStable|x64.Build.0 = DebugStable|Any CPU
		{B61545A7-5D56-4359-B7F3-A30D7EF43B10}.DebugStable|x86.ActiveCfg = DebugStable|Any CPU
		{B61545A7-5D56-4359-B7F3-A30D7EF43B10}.DebugStable|x86.Build.0 = DebugStable|Any CPU
		{B61545A7-5D56-4359-B7F3-A30D7EF43B10}.PublishDebug|Any CPU.ActiveCfg = Debug|Any CPU
		{B61545A7-5D56-4359-B7F3-A30D7EF43B10}.PublishDebug|Any CPU.Build.0 = Debug|Any CPU
		{B61545A7-5D56-4359-B7F3-A30D7EF43B10}.PublishDebug|x64.ActiveCfg = Debug|Any CPU
		{B61545A7-5D56-4359-B7F3-A30D7EF43B10}.PublishDebug|x64.Build.0 = Debug|Any CPU
		{B61545A7-5D56-4359-B7F3-A30D7EF43B10}.PublishDebug|x86.ActiveCfg = Debug|Any CPU
		{B61545A7-5D56-4359-B7F3-A30D7EF43B10}.PublishDebug|x86.Build.0 = Debug|Any CPU
		{B61545A7-5D56-4359-B7F3-A30D7EF43B10}.Release|Any CPU.ActiveCfg = Release|Any CPU
		{B61545A7-5D56-4359-B7F3-A30D7EF43B10}.Release|Any CPU.Build.0 = Release|Any CPU
		{B61545A7-5D56-4359-B7F3-A30D7EF43B10}.Release|x64.ActiveCfg = Release|Any CPU
		{B61545A7-5D56-4359-B7F3-A30D7EF43B10}.Release|x64.Build.0 = Release|Any CPU
		{B61545A7-5D56-4359-B7F3-A30D7EF43B10}.Release|x86.ActiveCfg = Release|Any CPU
		{B61545A7-5D56-4359-B7F3-A30D7EF43B10}.Release|x86.Build.0 = Release|Any CPU
		{B61545A7-5D56-4359-B7F3-A30D7EF43B10}.Unity|Any CPU.ActiveCfg = Unity|Any CPU
		{B61545A7-5D56-4359-B7F3-A30D7EF43B10}.Unity|Any CPU.Build.0 = Unity|Any CPU
		{B61545A7-5D56-4359-B7F3-A30D7EF43B10}.Unity|x64.ActiveCfg = Unity|Any CPU
		{B61545A7-5D56-4359-B7F3-A30D7EF43B10}.Unity|x64.Build.0 = Unity|Any CPU
		{B61545A7-5D56-4359-B7F3-A30D7EF43B10}.Unity|x86.ActiveCfg = Unity|Any CPU
		{B61545A7-5D56-4359-B7F3-A30D7EF43B10}.Unity|x86.Build.0 = Unity|Any CPU
		{B61545A7-5D56-4359-B7F3-A30D7EF43B10}.UnityDebug|Any CPU.ActiveCfg = UnityDebug|Any CPU
		{B61545A7-5D56-4359-B7F3-A30D7EF43B10}.UnityDebug|Any CPU.Build.0 = UnityDebug|Any CPU
		{B61545A7-5D56-4359-B7F3-A30D7EF43B10}.UnityDebug|x64.ActiveCfg = UnityDebug|Any CPU
		{B61545A7-5D56-4359-B7F3-A30D7EF43B10}.UnityDebug|x64.Build.0 = UnityDebug|Any CPU
		{B61545A7-5D56-4359-B7F3-A30D7EF43B10}.UnityDebug|x86.ActiveCfg = UnityDebug|Any CPU
		{B61545A7-5D56-4359-B7F3-A30D7EF43B10}.UnityDebug|x86.Build.0 = UnityDebug|Any CPU
		{E434215F-1AB3-4D64-9700-642A3407CF45}.Debug|Any CPU.ActiveCfg = Debug|Any CPU
		{E434215F-1AB3-4D64-9700-642A3407CF45}.Debug|Any CPU.Build.0 = Debug|Any CPU
		{E434215F-1AB3-4D64-9700-642A3407CF45}.Debug|x64.ActiveCfg = Debug|Any CPU
		{E434215F-1AB3-4D64-9700-642A3407CF45}.Debug|x64.Build.0 = Debug|Any CPU
		{E434215F-1AB3-4D64-9700-642A3407CF45}.Debug|x86.ActiveCfg = Debug|Any CPU
		{E434215F-1AB3-4D64-9700-642A3407CF45}.Debug|x86.Build.0 = Debug|Any CPU
		{E434215F-1AB3-4D64-9700-642A3407CF45}.DebugStable|Any CPU.ActiveCfg = DebugStable|Any CPU
		{E434215F-1AB3-4D64-9700-642A3407CF45}.DebugStable|Any CPU.Build.0 = DebugStable|Any CPU
		{E434215F-1AB3-4D64-9700-642A3407CF45}.DebugStable|x64.ActiveCfg = DebugStable|Any CPU
		{E434215F-1AB3-4D64-9700-642A3407CF45}.DebugStable|x64.Build.0 = DebugStable|Any CPU
		{E434215F-1AB3-4D64-9700-642A3407CF45}.DebugStable|x86.ActiveCfg = DebugStable|Any CPU
		{E434215F-1AB3-4D64-9700-642A3407CF45}.DebugStable|x86.Build.0 = DebugStable|Any CPU
		{E434215F-1AB3-4D64-9700-642A3407CF45}.PublishDebug|Any CPU.ActiveCfg = Debug|Any CPU
		{E434215F-1AB3-4D64-9700-642A3407CF45}.PublishDebug|Any CPU.Build.0 = Debug|Any CPU
		{E434215F-1AB3-4D64-9700-642A3407CF45}.PublishDebug|x64.ActiveCfg = Debug|Any CPU
		{E434215F-1AB3-4D64-9700-642A3407CF45}.PublishDebug|x64.Build.0 = Debug|Any CPU
		{E434215F-1AB3-4D64-9700-642A3407CF45}.PublishDebug|x86.ActiveCfg = Debug|Any CPU
		{E434215F-1AB3-4D64-9700-642A3407CF45}.PublishDebug|x86.Build.0 = Debug|Any CPU
		{E434215F-1AB3-4D64-9700-642A3407CF45}.Release|Any CPU.ActiveCfg = Release|Any CPU
		{E434215F-1AB3-4D64-9700-642A3407CF45}.Release|Any CPU.Build.0 = Release|Any CPU
		{E434215F-1AB3-4D64-9700-642A3407CF45}.Release|x64.ActiveCfg = Release|Any CPU
		{E434215F-1AB3-4D64-9700-642A3407CF45}.Release|x64.Build.0 = Release|Any CPU
		{E434215F-1AB3-4D64-9700-642A3407CF45}.Release|x86.ActiveCfg = Release|Any CPU
		{E434215F-1AB3-4D64-9700-642A3407CF45}.Release|x86.Build.0 = Release|Any CPU
		{E434215F-1AB3-4D64-9700-642A3407CF45}.Unity|Any CPU.ActiveCfg = Unity|Any CPU
		{E434215F-1AB3-4D64-9700-642A3407CF45}.Unity|Any CPU.Build.0 = Unity|Any CPU
		{E434215F-1AB3-4D64-9700-642A3407CF45}.Unity|x64.ActiveCfg = Unity|Any CPU
		{E434215F-1AB3-4D64-9700-642A3407CF45}.Unity|x64.Build.0 = Unity|Any CPU
		{E434215F-1AB3-4D64-9700-642A3407CF45}.Unity|x86.ActiveCfg = Unity|Any CPU
		{E434215F-1AB3-4D64-9700-642A3407CF45}.Unity|x86.Build.0 = Unity|Any CPU
		{E434215F-1AB3-4D64-9700-642A3407CF45}.UnityDebug|Any CPU.ActiveCfg = UnityDebug|Any CPU
		{E434215F-1AB3-4D64-9700-642A3407CF45}.UnityDebug|Any CPU.Build.0 = UnityDebug|Any CPU
		{E434215F-1AB3-4D64-9700-642A3407CF45}.UnityDebug|x64.ActiveCfg = UnityDebug|Any CPU
		{E434215F-1AB3-4D64-9700-642A3407CF45}.UnityDebug|x64.Build.0 = UnityDebug|Any CPU
		{E434215F-1AB3-4D64-9700-642A3407CF45}.UnityDebug|x86.ActiveCfg = UnityDebug|Any CPU
		{E434215F-1AB3-4D64-9700-642A3407CF45}.UnityDebug|x86.Build.0 = UnityDebug|Any CPU
		{AA08DA19-B59D-4AAA-95C4-9E2D71C302BB}.Debug|Any CPU.ActiveCfg = Debug|Any CPU
		{AA08DA19-B59D-4AAA-95C4-9E2D71C302BB}.Debug|Any CPU.Build.0 = Debug|Any CPU
		{AA08DA19-B59D-4AAA-95C4-9E2D71C302BB}.Debug|x64.ActiveCfg = Debug|Any CPU
		{AA08DA19-B59D-4AAA-95C4-9E2D71C302BB}.Debug|x64.Build.0 = Debug|Any CPU
		{AA08DA19-B59D-4AAA-95C4-9E2D71C302BB}.Debug|x86.ActiveCfg = Debug|Any CPU
		{AA08DA19-B59D-4AAA-95C4-9E2D71C302BB}.Debug|x86.Build.0 = Debug|Any CPU
		{AA08DA19-B59D-4AAA-95C4-9E2D71C302BB}.DebugStable|Any CPU.ActiveCfg = Debug|Any CPU
		{AA08DA19-B59D-4AAA-95C4-9E2D71C302BB}.DebugStable|Any CPU.Build.0 = Debug|Any CPU
		{AA08DA19-B59D-4AAA-95C4-9E2D71C302BB}.DebugStable|x64.ActiveCfg = Debug|Any CPU
		{AA08DA19-B59D-4AAA-95C4-9E2D71C302BB}.DebugStable|x64.Build.0 = Debug|Any CPU
		{AA08DA19-B59D-4AAA-95C4-9E2D71C302BB}.DebugStable|x86.ActiveCfg = Debug|Any CPU
		{AA08DA19-B59D-4AAA-95C4-9E2D71C302BB}.DebugStable|x86.Build.0 = Debug|Any CPU
		{AA08DA19-B59D-4AAA-95C4-9E2D71C302BB}.PublishDebug|Any CPU.ActiveCfg = Debug|Any CPU
		{AA08DA19-B59D-4AAA-95C4-9E2D71C302BB}.PublishDebug|Any CPU.Build.0 = Debug|Any CPU
		{AA08DA19-B59D-4AAA-95C4-9E2D71C302BB}.PublishDebug|x64.ActiveCfg = Debug|Any CPU
		{AA08DA19-B59D-4AAA-95C4-9E2D71C302BB}.PublishDebug|x64.Build.0 = Debug|Any CPU
		{AA08DA19-B59D-4AAA-95C4-9E2D71C302BB}.PublishDebug|x86.ActiveCfg = Debug|Any CPU
		{AA08DA19-B59D-4AAA-95C4-9E2D71C302BB}.PublishDebug|x86.Build.0 = Debug|Any CPU
		{AA08DA19-B59D-4AAA-95C4-9E2D71C302BB}.Release|Any CPU.ActiveCfg = Release|Any CPU
		{AA08DA19-B59D-4AAA-95C4-9E2D71C302BB}.Release|Any CPU.Build.0 = Release|Any CPU
		{AA08DA19-B59D-4AAA-95C4-9E2D71C302BB}.Release|x64.ActiveCfg = Release|Any CPU
		{AA08DA19-B59D-4AAA-95C4-9E2D71C302BB}.Release|x64.Build.0 = Release|Any CPU
		{AA08DA19-B59D-4AAA-95C4-9E2D71C302BB}.Release|x86.ActiveCfg = Release|Any CPU
		{AA08DA19-B59D-4AAA-95C4-9E2D71C302BB}.Release|x86.Build.0 = Release|Any CPU
		{AA08DA19-B59D-4AAA-95C4-9E2D71C302BB}.Unity|Any CPU.ActiveCfg = Unity|Any CPU
		{AA08DA19-B59D-4AAA-95C4-9E2D71C302BB}.Unity|Any CPU.Build.0 = Unity|Any CPU
		{AA08DA19-B59D-4AAA-95C4-9E2D71C302BB}.Unity|x64.ActiveCfg = Unity|Any CPU
		{AA08DA19-B59D-4AAA-95C4-9E2D71C302BB}.Unity|x64.Build.0 = Unity|Any CPU
		{AA08DA19-B59D-4AAA-95C4-9E2D71C302BB}.Unity|x86.ActiveCfg = Unity|Any CPU
		{AA08DA19-B59D-4AAA-95C4-9E2D71C302BB}.Unity|x86.Build.0 = Unity|Any CPU
		{AA08DA19-B59D-4AAA-95C4-9E2D71C302BB}.UnityDebug|Any CPU.ActiveCfg = UnityDebug|Any CPU
		{AA08DA19-B59D-4AAA-95C4-9E2D71C302BB}.UnityDebug|Any CPU.Build.0 = UnityDebug|Any CPU
		{AA08DA19-B59D-4AAA-95C4-9E2D71C302BB}.UnityDebug|x64.ActiveCfg = UnityDebug|Any CPU
		{AA08DA19-B59D-4AAA-95C4-9E2D71C302BB}.UnityDebug|x64.Build.0 = UnityDebug|Any CPU
		{AA08DA19-B59D-4AAA-95C4-9E2D71C302BB}.UnityDebug|x86.ActiveCfg = UnityDebug|Any CPU
		{AA08DA19-B59D-4AAA-95C4-9E2D71C302BB}.UnityDebug|x86.Build.0 = UnityDebug|Any CPU
		{091AFF09-6DD6-4DD2-9DFA-7AC472005C82}.Debug|Any CPU.ActiveCfg = Debug|Any CPU
		{091AFF09-6DD6-4DD2-9DFA-7AC472005C82}.Debug|Any CPU.Build.0 = Debug|Any CPU
		{091AFF09-6DD6-4DD2-9DFA-7AC472005C82}.Debug|x64.ActiveCfg = Debug|Any CPU
		{091AFF09-6DD6-4DD2-9DFA-7AC472005C82}.Debug|x64.Build.0 = Debug|Any CPU
		{091AFF09-6DD6-4DD2-9DFA-7AC472005C82}.Debug|x86.ActiveCfg = Debug|Any CPU
		{091AFF09-6DD6-4DD2-9DFA-7AC472005C82}.Debug|x86.Build.0 = Debug|Any CPU
		{091AFF09-6DD6-4DD2-9DFA-7AC472005C82}.DebugStable|Any CPU.ActiveCfg = Debug|Any CPU
		{091AFF09-6DD6-4DD2-9DFA-7AC472005C82}.DebugStable|Any CPU.Build.0 = Debug|Any CPU
		{091AFF09-6DD6-4DD2-9DFA-7AC472005C82}.DebugStable|x64.ActiveCfg = Debug|Any CPU
		{091AFF09-6DD6-4DD2-9DFA-7AC472005C82}.DebugStable|x64.Build.0 = Debug|Any CPU
		{091AFF09-6DD6-4DD2-9DFA-7AC472005C82}.DebugStable|x86.ActiveCfg = Debug|Any CPU
		{091AFF09-6DD6-4DD2-9DFA-7AC472005C82}.DebugStable|x86.Build.0 = Debug|Any CPU
		{091AFF09-6DD6-4DD2-9DFA-7AC472005C82}.PublishDebug|Any CPU.ActiveCfg = Debug|Any CPU
		{091AFF09-6DD6-4DD2-9DFA-7AC472005C82}.PublishDebug|Any CPU.Build.0 = Debug|Any CPU
		{091AFF09-6DD6-4DD2-9DFA-7AC472005C82}.PublishDebug|x64.ActiveCfg = Debug|Any CPU
		{091AFF09-6DD6-4DD2-9DFA-7AC472005C82}.PublishDebug|x64.Build.0 = Debug|Any CPU
		{091AFF09-6DD6-4DD2-9DFA-7AC472005C82}.PublishDebug|x86.ActiveCfg = Debug|Any CPU
		{091AFF09-6DD6-4DD2-9DFA-7AC472005C82}.PublishDebug|x86.Build.0 = Debug|Any CPU
		{091AFF09-6DD6-4DD2-9DFA-7AC472005C82}.Release|Any CPU.ActiveCfg = Release|Any CPU
		{091AFF09-6DD6-4DD2-9DFA-7AC472005C82}.Release|Any CPU.Build.0 = Release|Any CPU
		{091AFF09-6DD6-4DD2-9DFA-7AC472005C82}.Release|x64.ActiveCfg = Release|Any CPU
		{091AFF09-6DD6-4DD2-9DFA-7AC472005C82}.Release|x64.Build.0 = Release|Any CPU
		{091AFF09-6DD6-4DD2-9DFA-7AC472005C82}.Release|x86.ActiveCfg = Release|Any CPU
		{091AFF09-6DD6-4DD2-9DFA-7AC472005C82}.Release|x86.Build.0 = Release|Any CPU
		{091AFF09-6DD6-4DD2-9DFA-7AC472005C82}.Unity|Any CPU.ActiveCfg = Debug|Any CPU
		{091AFF09-6DD6-4DD2-9DFA-7AC472005C82}.Unity|Any CPU.Build.0 = Debug|Any CPU
		{091AFF09-6DD6-4DD2-9DFA-7AC472005C82}.Unity|x64.ActiveCfg = Debug|Any CPU
		{091AFF09-6DD6-4DD2-9DFA-7AC472005C82}.Unity|x64.Build.0 = Debug|Any CPU
		{091AFF09-6DD6-4DD2-9DFA-7AC472005C82}.Unity|x86.ActiveCfg = Debug|Any CPU
		{091AFF09-6DD6-4DD2-9DFA-7AC472005C82}.Unity|x86.Build.0 = Debug|Any CPU
		{091AFF09-6DD6-4DD2-9DFA-7AC472005C82}.UnityDebug|Any CPU.ActiveCfg = Debug|Any CPU
		{091AFF09-6DD6-4DD2-9DFA-7AC472005C82}.UnityDebug|Any CPU.Build.0 = Debug|Any CPU
		{091AFF09-6DD6-4DD2-9DFA-7AC472005C82}.UnityDebug|x64.ActiveCfg = Debug|Any CPU
		{091AFF09-6DD6-4DD2-9DFA-7AC472005C82}.UnityDebug|x64.Build.0 = Debug|Any CPU
		{091AFF09-6DD6-4DD2-9DFA-7AC472005C82}.UnityDebug|x86.ActiveCfg = Debug|Any CPU
		{091AFF09-6DD6-4DD2-9DFA-7AC472005C82}.UnityDebug|x86.Build.0 = Debug|Any CPU
		{39FAFFFA-DB01-4AE6-9CD0-08943E3827F7}.Debug|Any CPU.ActiveCfg = Debug|Any CPU
		{39FAFFFA-DB01-4AE6-9CD0-08943E3827F7}.Debug|Any CPU.Build.0 = Debug|Any CPU
		{39FAFFFA-DB01-4AE6-9CD0-08943E3827F7}.Debug|x64.ActiveCfg = Debug|Any CPU
		{39FAFFFA-DB01-4AE6-9CD0-08943E3827F7}.Debug|x64.Build.0 = Debug|Any CPU
		{39FAFFFA-DB01-4AE6-9CD0-08943E3827F7}.Debug|x86.ActiveCfg = Debug|Any CPU
		{39FAFFFA-DB01-4AE6-9CD0-08943E3827F7}.Debug|x86.Build.0 = Debug|Any CPU
		{39FAFFFA-DB01-4AE6-9CD0-08943E3827F7}.DebugStable|Any CPU.ActiveCfg = Debug|Any CPU
		{39FAFFFA-DB01-4AE6-9CD0-08943E3827F7}.DebugStable|Any CPU.Build.0 = Debug|Any CPU
		{39FAFFFA-DB01-4AE6-9CD0-08943E3827F7}.DebugStable|x64.ActiveCfg = Debug|Any CPU
		{39FAFFFA-DB01-4AE6-9CD0-08943E3827F7}.DebugStable|x64.Build.0 = Debug|Any CPU
		{39FAFFFA-DB01-4AE6-9CD0-08943E3827F7}.DebugStable|x86.ActiveCfg = Debug|Any CPU
		{39FAFFFA-DB01-4AE6-9CD0-08943E3827F7}.DebugStable|x86.Build.0 = Debug|Any CPU
		{39FAFFFA-DB01-4AE6-9CD0-08943E3827F7}.PublishDebug|Any CPU.ActiveCfg = Debug|Any CPU
		{39FAFFFA-DB01-4AE6-9CD0-08943E3827F7}.PublishDebug|Any CPU.Build.0 = Debug|Any CPU
		{39FAFFFA-DB01-4AE6-9CD0-08943E3827F7}.PublishDebug|x64.ActiveCfg = Debug|Any CPU
		{39FAFFFA-DB01-4AE6-9CD0-08943E3827F7}.PublishDebug|x64.Build.0 = Debug|Any CPU
		{39FAFFFA-DB01-4AE6-9CD0-08943E3827F7}.PublishDebug|x86.ActiveCfg = Debug|Any CPU
		{39FAFFFA-DB01-4AE6-9CD0-08943E3827F7}.PublishDebug|x86.Build.0 = Debug|Any CPU
		{39FAFFFA-DB01-4AE6-9CD0-08943E3827F7}.Release|Any CPU.ActiveCfg = Release|Any CPU
		{39FAFFFA-DB01-4AE6-9CD0-08943E3827F7}.Release|Any CPU.Build.0 = Release|Any CPU
		{39FAFFFA-DB01-4AE6-9CD0-08943E3827F7}.Release|x64.ActiveCfg = Release|Any CPU
		{39FAFFFA-DB01-4AE6-9CD0-08943E3827F7}.Release|x64.Build.0 = Release|Any CPU
		{39FAFFFA-DB01-4AE6-9CD0-08943E3827F7}.Release|x86.ActiveCfg = Release|Any CPU
		{39FAFFFA-DB01-4AE6-9CD0-08943E3827F7}.Release|x86.Build.0 = Release|Any CPU
		{39FAFFFA-DB01-4AE6-9CD0-08943E3827F7}.Unity|Any CPU.ActiveCfg = Unity|Any CPU
		{39FAFFFA-DB01-4AE6-9CD0-08943E3827F7}.Unity|Any CPU.Build.0 = Unity|Any CPU
		{39FAFFFA-DB01-4AE6-9CD0-08943E3827F7}.Unity|x64.ActiveCfg = Unity|Any CPU
		{39FAFFFA-DB01-4AE6-9CD0-08943E3827F7}.Unity|x64.Build.0 = Unity|Any CPU
		{39FAFFFA-DB01-4AE6-9CD0-08943E3827F7}.Unity|x86.ActiveCfg = Unity|Any CPU
		{39FAFFFA-DB01-4AE6-9CD0-08943E3827F7}.Unity|x86.Build.0 = Unity|Any CPU
		{39FAFFFA-DB01-4AE6-9CD0-08943E3827F7}.UnityDebug|Any CPU.ActiveCfg = UnityDebug|Any CPU
		{39FAFFFA-DB01-4AE6-9CD0-08943E3827F7}.UnityDebug|Any CPU.Build.0 = UnityDebug|Any CPU
		{39FAFFFA-DB01-4AE6-9CD0-08943E3827F7}.UnityDebug|x64.ActiveCfg = UnityDebug|Any CPU
		{39FAFFFA-DB01-4AE6-9CD0-08943E3827F7}.UnityDebug|x64.Build.0 = UnityDebug|Any CPU
		{39FAFFFA-DB01-4AE6-9CD0-08943E3827F7}.UnityDebug|x86.ActiveCfg = UnityDebug|Any CPU
		{39FAFFFA-DB01-4AE6-9CD0-08943E3827F7}.UnityDebug|x86.Build.0 = UnityDebug|Any CPU
		{E99F9B18-8D3E-461D-BE80-ACC620B75516}.Debug|Any CPU.ActiveCfg = Debug|Any CPU
		{E99F9B18-8D3E-461D-BE80-ACC620B75516}.Debug|Any CPU.Build.0 = Debug|Any CPU
		{E99F9B18-8D3E-461D-BE80-ACC620B75516}.Debug|x64.ActiveCfg = Debug|Any CPU
		{E99F9B18-8D3E-461D-BE80-ACC620B75516}.Debug|x64.Build.0 = Debug|Any CPU
		{E99F9B18-8D3E-461D-BE80-ACC620B75516}.Debug|x86.ActiveCfg = Debug|Any CPU
		{E99F9B18-8D3E-461D-BE80-ACC620B75516}.Debug|x86.Build.0 = Debug|Any CPU
		{E99F9B18-8D3E-461D-BE80-ACC620B75516}.DebugStable|Any CPU.ActiveCfg = Debug|Any CPU
		{E99F9B18-8D3E-461D-BE80-ACC620B75516}.DebugStable|Any CPU.Build.0 = Debug|Any CPU
		{E99F9B18-8D3E-461D-BE80-ACC620B75516}.DebugStable|x64.ActiveCfg = Debug|Any CPU
		{E99F9B18-8D3E-461D-BE80-ACC620B75516}.DebugStable|x64.Build.0 = Debug|Any CPU
		{E99F9B18-8D3E-461D-BE80-ACC620B75516}.DebugStable|x86.ActiveCfg = Debug|Any CPU
		{E99F9B18-8D3E-461D-BE80-ACC620B75516}.DebugStable|x86.Build.0 = Debug|Any CPU
		{E99F9B18-8D3E-461D-BE80-ACC620B75516}.PublishDebug|Any CPU.ActiveCfg = Debug|Any CPU
		{E99F9B18-8D3E-461D-BE80-ACC620B75516}.PublishDebug|Any CPU.Build.0 = Debug|Any CPU
		{E99F9B18-8D3E-461D-BE80-ACC620B75516}.PublishDebug|x64.ActiveCfg = Debug|Any CPU
		{E99F9B18-8D3E-461D-BE80-ACC620B75516}.PublishDebug|x64.Build.0 = Debug|Any CPU
		{E99F9B18-8D3E-461D-BE80-ACC620B75516}.PublishDebug|x86.ActiveCfg = Debug|Any CPU
		{E99F9B18-8D3E-461D-BE80-ACC620B75516}.PublishDebug|x86.Build.0 = Debug|Any CPU
		{E99F9B18-8D3E-461D-BE80-ACC620B75516}.Release|Any CPU.ActiveCfg = Release|Any CPU
		{E99F9B18-8D3E-461D-BE80-ACC620B75516}.Release|Any CPU.Build.0 = Release|Any CPU
		{E99F9B18-8D3E-461D-BE80-ACC620B75516}.Release|x64.ActiveCfg = Release|Any CPU
		{E99F9B18-8D3E-461D-BE80-ACC620B75516}.Release|x64.Build.0 = Release|Any CPU
		{E99F9B18-8D3E-461D-BE80-ACC620B75516}.Release|x86.ActiveCfg = Release|Any CPU
		{E99F9B18-8D3E-461D-BE80-ACC620B75516}.Release|x86.Build.0 = Release|Any CPU
		{E99F9B18-8D3E-461D-BE80-ACC620B75516}.Unity|Any CPU.ActiveCfg = Unity|Any CPU
		{E99F9B18-8D3E-461D-BE80-ACC620B75516}.Unity|Any CPU.Build.0 = Unity|Any CPU
		{E99F9B18-8D3E-461D-BE80-ACC620B75516}.Unity|x64.ActiveCfg = Unity|Any CPU
		{E99F9B18-8D3E-461D-BE80-ACC620B75516}.Unity|x64.Build.0 = Unity|Any CPU
		{E99F9B18-8D3E-461D-BE80-ACC620B75516}.Unity|x86.ActiveCfg = Unity|Any CPU
		{E99F9B18-8D3E-461D-BE80-ACC620B75516}.Unity|x86.Build.0 = Unity|Any CPU
		{E99F9B18-8D3E-461D-BE80-ACC620B75516}.UnityDebug|Any CPU.ActiveCfg = UnityDebug|Any CPU
		{E99F9B18-8D3E-461D-BE80-ACC620B75516}.UnityDebug|Any CPU.Build.0 = UnityDebug|Any CPU
		{E99F9B18-8D3E-461D-BE80-ACC620B75516}.UnityDebug|x64.ActiveCfg = UnityDebug|Any CPU
		{E99F9B18-8D3E-461D-BE80-ACC620B75516}.UnityDebug|x64.Build.0 = UnityDebug|Any CPU
		{E99F9B18-8D3E-461D-BE80-ACC620B75516}.UnityDebug|x86.ActiveCfg = UnityDebug|Any CPU
		{E99F9B18-8D3E-461D-BE80-ACC620B75516}.UnityDebug|x86.Build.0 = UnityDebug|Any CPU
		{A6117CF0-34A6-4EC0-AE59-F7AFF1FA7505}.Debug|Any CPU.ActiveCfg = Debug|Any CPU
		{A6117CF0-34A6-4EC0-AE59-F7AFF1FA7505}.Debug|Any CPU.Build.0 = Debug|Any CPU
		{A6117CF0-34A6-4EC0-AE59-F7AFF1FA7505}.Debug|x64.ActiveCfg = Debug|Any CPU
		{A6117CF0-34A6-4EC0-AE59-F7AFF1FA7505}.Debug|x64.Build.0 = Debug|Any CPU
		{A6117CF0-34A6-4EC0-AE59-F7AFF1FA7505}.Debug|x86.ActiveCfg = Debug|Any CPU
		{A6117CF0-34A6-4EC0-AE59-F7AFF1FA7505}.Debug|x86.Build.0 = Debug|Any CPU
		{A6117CF0-34A6-4EC0-AE59-F7AFF1FA7505}.DebugStable|Any CPU.ActiveCfg = Debug|Any CPU
		{A6117CF0-34A6-4EC0-AE59-F7AFF1FA7505}.DebugStable|Any CPU.Build.0 = Debug|Any CPU
		{A6117CF0-34A6-4EC0-AE59-F7AFF1FA7505}.DebugStable|x64.ActiveCfg = Debug|Any CPU
		{A6117CF0-34A6-4EC0-AE59-F7AFF1FA7505}.DebugStable|x64.Build.0 = Debug|Any CPU
		{A6117CF0-34A6-4EC0-AE59-F7AFF1FA7505}.DebugStable|x86.ActiveCfg = Debug|Any CPU
		{A6117CF0-34A6-4EC0-AE59-F7AFF1FA7505}.DebugStable|x86.Build.0 = Debug|Any CPU
		{A6117CF0-34A6-4EC0-AE59-F7AFF1FA7505}.PublishDebug|Any CPU.ActiveCfg = Debug|Any CPU
		{A6117CF0-34A6-4EC0-AE59-F7AFF1FA7505}.PublishDebug|Any CPU.Build.0 = Debug|Any CPU
		{A6117CF0-34A6-4EC0-AE59-F7AFF1FA7505}.PublishDebug|x64.ActiveCfg = Debug|Any CPU
		{A6117CF0-34A6-4EC0-AE59-F7AFF1FA7505}.PublishDebug|x64.Build.0 = Debug|Any CPU
		{A6117CF0-34A6-4EC0-AE59-F7AFF1FA7505}.PublishDebug|x86.ActiveCfg = Debug|Any CPU
		{A6117CF0-34A6-4EC0-AE59-F7AFF1FA7505}.PublishDebug|x86.Build.0 = Debug|Any CPU
		{A6117CF0-34A6-4EC0-AE59-F7AFF1FA7505}.Release|Any CPU.ActiveCfg = Release|Any CPU
		{A6117CF0-34A6-4EC0-AE59-F7AFF1FA7505}.Release|Any CPU.Build.0 = Release|Any CPU
		{A6117CF0-34A6-4EC0-AE59-F7AFF1FA7505}.Release|x64.ActiveCfg = Release|Any CPU
		{A6117CF0-34A6-4EC0-AE59-F7AFF1FA7505}.Release|x64.Build.0 = Release|Any CPU
		{A6117CF0-34A6-4EC0-AE59-F7AFF1FA7505}.Release|x86.ActiveCfg = Release|Any CPU
		{A6117CF0-34A6-4EC0-AE59-F7AFF1FA7505}.Release|x86.Build.0 = Release|Any CPU
		{A6117CF0-34A6-4EC0-AE59-F7AFF1FA7505}.Unity|Any CPU.ActiveCfg = Debug|Any CPU
		{A6117CF0-34A6-4EC0-AE59-F7AFF1FA7505}.Unity|Any CPU.Build.0 = Debug|Any CPU
		{A6117CF0-34A6-4EC0-AE59-F7AFF1FA7505}.Unity|x64.ActiveCfg = Debug|Any CPU
		{A6117CF0-34A6-4EC0-AE59-F7AFF1FA7505}.Unity|x64.Build.0 = Debug|Any CPU
		{A6117CF0-34A6-4EC0-AE59-F7AFF1FA7505}.Unity|x86.ActiveCfg = Debug|Any CPU
		{A6117CF0-34A6-4EC0-AE59-F7AFF1FA7505}.Unity|x86.Build.0 = Debug|Any CPU
		{A6117CF0-34A6-4EC0-AE59-F7AFF1FA7505}.UnityDebug|Any CPU.ActiveCfg = Debug|Any CPU
		{A6117CF0-34A6-4EC0-AE59-F7AFF1FA7505}.UnityDebug|Any CPU.Build.0 = Debug|Any CPU
		{A6117CF0-34A6-4EC0-AE59-F7AFF1FA7505}.UnityDebug|x64.ActiveCfg = Debug|Any CPU
		{A6117CF0-34A6-4EC0-AE59-F7AFF1FA7505}.UnityDebug|x64.Build.0 = Debug|Any CPU
		{A6117CF0-34A6-4EC0-AE59-F7AFF1FA7505}.UnityDebug|x86.ActiveCfg = Debug|Any CPU
		{A6117CF0-34A6-4EC0-AE59-F7AFF1FA7505}.UnityDebug|x86.Build.0 = Debug|Any CPU
	EndGlobalSection
	GlobalSection(SolutionProperties) = preSolution
		HideSolutionNode = FALSE
	EndGlobalSection
	GlobalSection(NestedProjects) = preSolution
		{EB0D5C78-7C41-4F5A-891B-1D810B2BA078} = {B8A6E875-824A-49CF-993D-596D5AC465F1}
		{C4580B21-62A4-4511-B97D-A426D52EC184} = {B8A6E875-824A-49CF-993D-596D5AC465F1}
		{ED12F39E-04AC-4F38-B442-8377B3C47367} = {B8A6E875-824A-49CF-993D-596D5AC465F1}
		{5044495C-6B64-4A6E-873C-50B490369FEF} = {B8A6E875-824A-49CF-993D-596D5AC465F1}
		{0D4C42ED-EA8D-4F15-B108-8ADD12C5AC39} = {B8A6E875-824A-49CF-993D-596D5AC465F1}
		{B61545A7-5D56-4359-B7F3-A30D7EF43B10} = {B8A6E875-824A-49CF-993D-596D5AC465F1}
		{E434215F-1AB3-4D64-9700-642A3407CF45} = {B8A6E875-824A-49CF-993D-596D5AC465F1}
		{AA08DA19-B59D-4AAA-95C4-9E2D71C302BB} = {B8A6E875-824A-49CF-993D-596D5AC465F1}
		{39FAFFFA-DB01-4AE6-9CD0-08943E3827F7} = {B8A6E875-824A-49CF-993D-596D5AC465F1}
		{E99F9B18-8D3E-461D-BE80-ACC620B75516} = {B8A6E875-824A-49CF-993D-596D5AC465F1}
		{A6117CF0-34A6-4EC0-AE59-F7AFF1FA7505} = {B8A6E875-824A-49CF-993D-596D5AC465F1}
	EndGlobalSection
	GlobalSection(ExtensibilityGlobals) = postSolution
		SolutionGuid = {5A9020D8-16F7-4FD0-9F54-7F42DD47D29A}
	EndGlobalSection
EndGlobal
