
Microsoft Visual Studio Solution File, Format Version 12.00
# Visual Studio Version 17
VisualStudioVersion = 17.0.31903.59
MinimumVisualStudioVersion = 10.0.40219.1
Project("{9A19103F-16F7-4668-BE54-9A1E7A4F7556}") = "ServerPublisher.Client", "ServerPublisher.Client\ServerPublisher.Client.csproj", "{9B265296-DB33-4889-8516-CDDB6DBB55B2}"
EndProject
Project("{9A19103F-16F7-4668-BE54-9A1E7A4F7556}") = "ServerPublisher.Client.Library", "ServerPublisher.Client.Library\ServerPublisher.Client.Library.csproj", "{6E42AB66-4E3F-4634-A8D6-401CCD785FD7}"
EndProject
Project("{9A19103F-16F7-4668-BE54-9A1E7A4F7556}") = "ServerPublisher.QuickUpdater", "ServerPublisher.QuickUpdater\ServerPublisher.QuickUpdater.csproj", "{5EE86906-FAAA-48F9-AEEB-BBC392B955A3}"
EndProject
Project("{9A19103F-16F7-4668-BE54-9A1E7A4F7556}") = "ServerPublisher.Server", "ServerPublisher.Server\ServerPublisher.Server.csproj", "{756304ED-8940-4312-AD3A-5EFCDE9A7AF8}"
EndProject
Project("{9A19103F-16F7-4668-BE54-9A1E7A4F7556}") = "ServerPublisher.Shared", "ServerPublisher.Shared\ServerPublisher.Shared.csproj", "{326156E5-0DF6-4C04-B006-81802DAE9C05}"
EndProject
Global
	GlobalSection(SolutionConfigurationPlatforms) = preSolution
		Debug|Any CPU = Debug|Any CPU
		Release|Any CPU = Release|Any CPU
	EndGlobalSection
	GlobalSection(ProjectConfigurationPlatforms) = postSolution
		{9B265296-DB33-4889-8516-CDDB6DBB55B2}.Debug|Any CPU.ActiveCfg = Debug|Any CPU
		{9B265296-DB33-4889-8516-CDDB6DBB55B2}.Debug|Any CPU.Build.0 = Debug|Any CPU
		{9B265296-DB33-4889-8516-CDDB6DBB55B2}.Release|Any CPU.ActiveCfg = Release|Any CPU
		{9B265296-DB33-4889-8516-CDDB6DBB55B2}.Release|Any CPU.Build.0 = Release|Any CPU
		{6E42AB66-4E3F-4634-A8D6-401CCD785FD7}.Debug|Any CPU.ActiveCfg = Debug|Any CPU
		{6E42AB66-4E3F-4634-A8D6-401CCD785FD7}.Debug|Any CPU.Build.0 = Debug|Any CPU
		{6E42AB66-4E3F-4634-A8D6-401CCD785FD7}.Release|Any CPU.ActiveCfg = Release|Any CPU
		{6E42AB66-4E3F-4634-A8D6-401CCD785FD7}.Release|Any CPU.Build.0 = Release|Any CPU
		{5EE86906-FAAA-48F9-AEEB-BBC392B955A3}.Debug|Any CPU.ActiveCfg = Debug|Any CPU
		{5EE86906-FAAA-48F9-AEEB-BBC392B955A3}.Debug|Any CPU.Build.0 = Debug|Any CPU
		{5EE86906-FAAA-48F9-AEEB-BBC392B955A3}.Release|Any CPU.ActiveCfg = Release|Any CPU
		{5EE86906-FAAA-48F9-AEEB-BBC392B955A3}.Release|Any CPU.Build.0 = Release|Any CPU
		{756304ED-8940-4312-AD3A-5EFCDE9A7AF8}.Debug|Any CPU.ActiveCfg = Debug|Any CPU
		{756304ED-8940-4312-AD3A-5EFCDE9A7AF8}.Debug|Any CPU.Build.0 = Debug|Any CPU
		{756304ED-8940-4312-AD3A-5EFCDE9A7AF8}.Release|Any CPU.ActiveCfg = Release|Any CPU
		{756304ED-8940-4312-AD3A-5EFCDE9A7AF8}.Release|Any CPU.Build.0 = Release|Any CPU
		{326156E5-0DF6-4C04-B006-81802DAE9C05}.Debug|Any CPU.ActiveCfg = Debug|Any CPU
		{326156E5-0DF6-4C04-B006-81802DAE9C05}.Debug|Any CPU.Build.0 = Debug|Any CPU
		{326156E5-0DF6-4C04-B006-81802DAE9C05}.Release|Any CPU.ActiveCfg = Release|Any CPU
		{326156E5-0DF6-4C04-B006-81802DAE9C05}.Release|Any CPU.Build.0 = Release|Any CPU
	EndGlobalSection
	GlobalSection(SolutionProperties) = preSolution
		HideSolutionNode = FALSE
	EndGlobalSection
	GlobalSection(ExtensibilityGlobals) = postSolution
		SolutionGuid = {5A9020D8-16F7-4FD0-9F54-7F42DD47D29A}
	EndGlobalSection
EndGlobal
